// !$*UTF8*$!
{
	archiveVersion = 1;
	classes = {
	};
	objectVersion = 77;
	objects = {

/* Begin PBXBuildFile section */
		00788A2D226B5074D6AF870A /* CompletionSuggestion.swift in Sources */ = {isa = PBXBuildFile; fileRef = 8D270BCC126787DB5A1D388A /* CompletionSuggestion.swift */; };
		022CD9485FB33AB81CBF0A92 /* AutocompleteView.swift in Sources */ = {isa = PBXBuildFile; fileRef = 2CC79CB7436BA6C5530269A2 /* AutocompleteView.swift */; };
		047238ABB5899EFF1B95DE81 /* KeychainStore.swift in Sources */ = {isa = PBXBuildFile; fileRef = 3E5890B61EABAAA397FD793B /* KeychainStore.swift */; };
		08D620E16B9432169D90F2E9 /* OverviewView.swift in Sources */ = {isa = PBXBuildFile; fileRef = 3B0C2A4E4E4364161FCADC18 /* OverviewView.swift */; };
		0B6DD3BE55E85DF40C1F889D /* DictationTranscriptTests.swift in Sources */ = {isa = PBXBuildFile; fileRef = BCFDE061D28F71B142C057ED /* DictationTranscriptTests.swift */; };
		0C7FF197B43200468C65A48F /* AppleIntelligenceEngine.swift in Sources */ = {isa = PBXBuildFile; fileRef = 55A6530C17AD653FC60B9C4A /* AppleIntelligenceEngine.swift */; };
		0CD573C264CAE0F04E172D09 /* HotkeyManager.swift in Sources */ = {isa = PBXBuildFile; fileRef = 83210C17AA6C5F8B68DFF605 /* HotkeyManager.swift */; };
		0D3813FE851E9FD952FB2F09 /* MicrophonePermission.swift in Sources */ = {isa = PBXBuildFile; fileRef = DC71F4E8618CC84D056A1AFB /* MicrophonePermission.swift */; };
		0E969B6F7B6D2C8074E9AB6B /* SuggestionPresentationTests.swift in Sources */ = {isa = PBXBuildFile; fileRef = D26E417D862C0E117F3F1B86 /* SuggestionPresentationTests.swift */; };
		1139DA1DAB74D8D24F1C5103 /* AccessibilityPrompt.m in Sources */ = {isa = PBXBuildFile; fileRef = 76B92AAA8530056AD55A19B6 /* AccessibilityPrompt.m */; };
		1541723E41A4CDCFE9A024B6 /* ClipboardRewriteController.swift in Sources */ = {isa = PBXBuildFile; fileRef = DA69C13E119E717E725C2CED /* ClipboardRewriteController.swift */; };
		15C486F4AACDC19683A065A8 /* Assets.xcassets in Resources */ = {isa = PBXBuildFile; fileRef = 1D50F272CCC074CA6FA9C24B /* Assets.xcassets */; };
		188F8DF86A03CB28C997981D /* AudioSampleRecorder.swift in Sources */ = {isa = PBXBuildFile; fileRef = EB8F6951CCC7670B9840ED79 /* AudioSampleRecorder.swift */; };
		1A8AB8FE5A5511D5D7BB897C /* GhostTextGeometry.swift in Sources */ = {isa = PBXBuildFile; fileRef = 4E817CCD638C8DB85D4DC594 /* GhostTextGeometry.swift */; };
		1ED9EACDC3C0DE98840090DF /* RewriteRunner.swift in Sources */ = {isa = PBXBuildFile; fileRef = 1D6185EF686863E87EA80E03 /* RewriteRunner.swift */; };
		1F827C37C6B6B4259808ABB7 /* CleanupComparisonView.swift in Sources */ = {isa = PBXBuildFile; fileRef = 6CB4B2063E4E333CD80C09DB /* CleanupComparisonView.swift */; };
		1FB4789FB9FC1BE21BEAFECE /* RewriteProviderChoice.swift in Sources */ = {isa = PBXBuildFile; fileRef = AB437C10010152518C81A986 /* RewriteProviderChoice.swift */; };
		201546377BCCB116A75DAD5D /* AXFocus.swift in Sources */ = {isa = PBXBuildFile; fileRef = CECABE8A8A1AD7228B888F17 /* AXFocus.swift */; };
		21754A84AE980E674F49F2FF /* TextEnvelopeTests.swift in Sources */ = {isa = PBXBuildFile; fileRef = F9A5CC6ACFFA67545F78B6CB /* TextEnvelopeTests.swift */; };
		23DBB2696786231E9A625970 /* DictationController.swift in Sources */ = {isa = PBXBuildFile; fileRef = 511245ACBCCAC386B612DB8C /* DictationController.swift */; };
		245D52E62237F29F26EF38EA /* MainWindowView.swift in Sources */ = {isa = PBXBuildFile; fileRef = 7F99AD499D63D5D594B51BF6 /* MainWindowView.swift */; };
		256E6E1067384D6695F96D24 /* RecipeChainTests.swift in Sources */ = {isa = PBXBuildFile; fileRef = 61481581499C78E99D678D35 /* RecipeChainTests.swift */; };
		293C4DBA4A49A94F5FB72048 /* DictationProviderChoice.swift in Sources */ = {isa = PBXBuildFile; fileRef = A56B71090E08C1A1AEADDDB3 /* DictationProviderChoice.swift */; };
		2A79EDA403F6B904BFC99804 /* PCM16Audio.swift in Sources */ = {isa = PBXBuildFile; fileRef = 108B716376233F654F1B4190 /* PCM16Audio.swift */; };
		2C1261701D0E841A8A79EA3C /* RewriteServiceProvider.swift in Sources */ = {isa = PBXBuildFile; fileRef = 5140C9E93B800CBAFC626E5F /* RewriteServiceProvider.swift */; };
		31AEB14DF84BD766CA34AA65 /* SpellCorrection.swift in Sources */ = {isa = PBXBuildFile; fileRef = F10D590D13441AAA10CD0CDA /* SpellCorrection.swift */; };
		32AA243409232CABE1F3B794 /* PromptComposer.swift in Sources */ = {isa = PBXBuildFile; fileRef = C928768B8480C2DA1A9615E4 /* PromptComposer.swift */; };
		34B8D7CB6633F34C4840E2B5 /* CompletionSuggestionTests.swift in Sources */ = {isa = PBXBuildFile; fileRef = F809A0572BC8D715517B5C96 /* CompletionSuggestionTests.swift */; };
		373565224FB20B72D880F67B /* OpenAITranscriptionEngine.swift in Sources */ = {isa = PBXBuildFile; fileRef = F7E2268E6585BCBC0F22E561 /* OpenAITranscriptionEngine.swift */; };
		387F78A206007BE0BD7DB141 /* RewriteOutputSanitizerTests.swift in Sources */ = {isa = PBXBuildFile; fileRef = AC762D192D449FE288D14887 /* RewriteOutputSanitizerTests.swift */; };
		3BB108A03F8B645D5BFE052F /* SettingsView.swift in Sources */ = {isa = PBXBuildFile; fileRef = 7E352249AF4E5E1540F6005E /* SettingsView.swift */; };
		420D1CD99A0DAD4093C95DFF /* DictationTranscript.swift in Sources */ = {isa = PBXBuildFile; fileRef = 58FFE19E10682AD1D887C182 /* DictationTranscript.swift */; };
		435AD4B23CCB219CBF01C684 /* PasteboardAccess.swift in Sources */ = {isa = PBXBuildFile; fileRef = 12C08353489700F5AB47822D /* PasteboardAccess.swift */; };
		43C7CBDB411177A633B87477 /* CaretInspector.swift in Sources */ = {isa = PBXBuildFile; fileRef = 0A332D3A4BC3E5E346565572 /* CaretInspector.swift */; };
		4787E21D2D787C042C7E0D7B /* AutocompleteCoordinator.swift in Sources */ = {isa = PBXBuildFile; fileRef = 2BB3463F91A697094417BACD /* AutocompleteCoordinator.swift */; };
		49657E11DD974D311ED44195 /* SpeechTranscriptionEngine.swift in Sources */ = {isa = PBXBuildFile; fileRef = 204947E0D18D6B3322B24100 /* SpeechTranscriptionEngine.swift */; };
		4CCD1E2B1089B0CF756250D9 /* CaretGeometry.swift in Sources */ = {isa = PBXBuildFile; fileRef = 033B246EB48A59D1EE8C77C7 /* CaretGeometry.swift */; };
		4EE68553496BE12D01AE70C4 /* GhostTextGeometryTests.swift in Sources */ = {isa = PBXBuildFile; fileRef = 215848C0FC26014FFC6179F5 /* GhostTextGeometryTests.swift */; };
		50BDCC0E316172EB383327C7 /* ComponentPreviews.swift in Sources */ = {isa = PBXBuildFile; fileRef = 3840F0DE7C1F8D8948F774D2 /* ComponentPreviews.swift */; };
		52219644022864A0730816CC /* AppDelegate.swift in Sources */ = {isa = PBXBuildFile; fileRef = AA9C4ACD202C31BC55A92619 /* AppDelegate.swift */; };
		598B8FDC1B317613E4707C75 /* DebugLog.swift in Sources */ = {isa = PBXBuildFile; fileRef = B8D9B57E93190B904281F60E /* DebugLog.swift */; };
		5C8CFD6890D6233B6D27C2FB /* MemoryStoreTests.swift in Sources */ = {isa = PBXBuildFile; fileRef = 19E448CA67FEDDB8A3AEFBD7 /* MemoryStoreTests.swift */; };
		5CD37B181CD38C5625322D46 /* TextEnvelope.swift in Sources */ = {isa = PBXBuildFile; fileRef = C665AB90507A3053E945A917 /* TextEnvelope.swift */; };
		5D2D985DC9B8E15CCD95F223 /* CheatCodeRecognizerTests.swift in Sources */ = {isa = PBXBuildFile; fileRef = C8EBE2A7C63BCB415CF9433A /* CheatCodeRecognizerTests.swift */; };
		5DAC6A9A7ACB96AEAAA5533C /* RewriteOutputSanitizer.swift in Sources */ = {isa = PBXBuildFile; fileRef = 435A827ECB9E1379C91D6E0D /* RewriteOutputSanitizer.swift */; };
		60D59E99C4508A42B453FE4D /* ScreenContextProvider.swift in Sources */ = {isa = PBXBuildFile; fileRef = A5F4C31A8065602998EA4FF1 /* ScreenContextProvider.swift */; };
		6219999D4A1DC5A7F9FB6F97 /* FocusedFieldTracker.swift in Sources */ = {isa = PBXBuildFile; fileRef = B91979A329EB09A07FA4DAEA /* FocusedFieldTracker.swift */; };
		62E3C962FED6475A79B826A8 /* PasteboardSnapshotTests.swift in Sources */ = {isa = PBXBuildFile; fileRef = E5096D3D7034E13D4609AC79 /* PasteboardSnapshotTests.swift */; };
		640E3E18601C074A3BE754D0 /* OllamaEngine.swift in Sources */ = {isa = PBXBuildFile; fileRef = 1932029AA824A23D526B48E5 /* OllamaEngine.swift */; };
		66D4B42F784E41B1625815F4 /* Preferences.swift in Sources */ = {isa = PBXBuildFile; fileRef = D269B5853865D45E0B7D730D /* Preferences.swift */; };
		679D3C91845E4F1773F66CE6 /* ComparisonRunner.swift in Sources */ = {isa = PBXBuildFile; fileRef = 3CC33EED3A14CE4F3B57D6AC /* ComparisonRunner.swift */; };
		67E90716A67BB5458656D9C9 /* HomeView.swift in Sources */ = {isa = PBXBuildFile; fileRef = 4CB23F340ADA2220ABF9EE65 /* HomeView.swift */; };
		7034325D8D55E97E0B73A909 /* SuggestionOverlayController.swift in Sources */ = {isa = PBXBuildFile; fileRef = D0496F99038C01C527BA9363 /* SuggestionOverlayController.swift */; };
		71E255CE2F7588BF6C2570EB /* StyleProfileStoreTests.swift in Sources */ = {isa = PBXBuildFile; fileRef = 0E0FC9BE5F496AF4F46A5F70 /* StyleProfileStoreTests.swift */; };
		74640BAB7ACA642DF9575CC4 /* RewriteIntent.swift in Sources */ = {isa = PBXBuildFile; fileRef = 0681F392E4F11F164E640372 /* RewriteIntent.swift */; };
		7582DC7554C8DBA7E0D63766 /* AnywhereCard.swift in Sources */ = {isa = PBXBuildFile; fileRef = F822E14562383403240D83DB /* AnywhereCard.swift */; };
		7A025A4904004197EED62CDA /* ShortcutRecorderView.swift in Sources */ = {isa = PBXBuildFile; fileRef = D1126823183A0645FCC5A3B9 /* ShortcutRecorderView.swift */; };
		7AC66FAEF959122EDE3E490E /* AXTextInsertion.swift in Sources */ = {isa = PBXBuildFile; fileRef = 5620DB9831605B06E13DBE95 /* AXTextInsertion.swift */; };
		7CB1CADAE16DF74DBBF39667 /* PlumaApp.swift in Sources */ = {isa = PBXBuildFile; fileRef = 9CDD0EC54AB47BD89FEA2B82 /* PlumaApp.swift */; };
		7DE330E8AAE115ABC126E205 /* PlaygroundView.swift in Sources */ = {isa = PBXBuildFile; fileRef = 6B2CC21EB90F5074B9777382 /* PlaygroundView.swift */; };
		7E0280DA8CCAF1E98433A3BE /* RewriteEngineError.swift in Sources */ = {isa = PBXBuildFile; fileRef = 18881EDD5BCEA32E8CB8A4B0 /* RewriteEngineError.swift */; };
		80C92ABE5F74910BCF5AC47E /* DebugLogLevelTests.swift in Sources */ = {isa = PBXBuildFile; fileRef = 84FF3614732873A2282CA8D4 /* DebugLogLevelTests.swift */; };
		828534DB421A90136E8B1BB8 /* SpellMemoryStore.swift in Sources */ = {isa = PBXBuildFile; fileRef = C23C733B47D5E1200BCA0E4D /* SpellMemoryStore.swift */; };
		863EB0FF0D411175CD9A1B7B /* PlumaTheme.swift in Sources */ = {isa = PBXBuildFile; fileRef = 9B77840FF3F78472A37B0E24 /* PlumaTheme.swift */; };
		887C175DD9F53335AEB54D52 /* OpenAIKey.swift in Sources */ = {isa = PBXBuildFile; fileRef = 1754B3CF542A3CCCCD7CEC00 /* OpenAIKey.swift */; };
		88F60309A111D2AC03E376BE /* PasteboardSnapshot.swift in Sources */ = {isa = PBXBuildFile; fileRef = A0D33193602BB60D701493B9 /* PasteboardSnapshot.swift */; };
		8A4FC158B70CBA614CCC66CD /* AudioCaptureSession.swift in Sources */ = {isa = PBXBuildFile; fileRef = D114A39A42DCFAEE58DCCD40 /* AudioCaptureSession.swift */; };
		90F554E8FBE087EF603211F7 /* RewriteViewModel.swift in Sources */ = {isa = PBXBuildFile; fileRef = 9F7BE0B5A1CFEC17A07C571C /* RewriteViewModel.swift */; };
		9222D889A2EC068A01682D74 /* CaretTracePanel.swift in Sources */ = {isa = PBXBuildFile; fileRef = 59A06A36279BB7B930B3523C /* CaretTracePanel.swift */; };
		93409516FB0EF17F32D31FA0 /* LogViewerModel.swift in Sources */ = {isa = PBXBuildFile; fileRef = 1AEB2677ED3381ECF5831027 /* LogViewerModel.swift */; };
		994262054C6D6DF40E4112E4 /* LaunchAtLogin.swift in Sources */ = {isa = PBXBuildFile; fileRef = D061800E11B022E95219D27E /* LaunchAtLogin.swift */; };
		9AF9623D458DEF3836BAF657 /* PermissionPoller.swift in Sources */ = {isa = PBXBuildFile; fileRef = D62E5D457627989FB1948ECB /* PermissionPoller.swift */; };
		9F0D797A3F6651565628F6E5 /* DictationView.swift in Sources */ = {isa = PBXBuildFile; fileRef = B58E03E536B1FB6D5C93EDB3 /* DictationView.swift */; };
		9F536E04A17B88A856871FB3 /* AppleFileTranscriber.swift in Sources */ = {isa = PBXBuildFile; fileRef = 7012B71DC824910516B61471 /* AppleFileTranscriber.swift */; };
		A2BE7C168ED35C8B5AD25296 /* ClipboardFallbackTests.swift in Sources */ = {isa = PBXBuildFile; fileRef = 7C1762099D540BF0A1E00A9C /* ClipboardFallbackTests.swift */; };
		A4A32B81253F5ACED5133A23 /* RewriteServiceProviderTests.swift in Sources */ = {isa = PBXBuildFile; fileRef = F217FE27D3D5E4D6007ECE03 /* RewriteServiceProviderTests.swift */; };
		A587572DA8B3A2AE1BB2B56F /* RecipeActionCard.swift in Sources */ = {isa = PBXBuildFile; fileRef = 7D626BF4CC67BB0E9C73E949 /* RecipeActionCard.swift */; };
		A642CB9F2CFB3C6A8DAC22F4 /* Components.swift in Sources */ = {isa = PBXBuildFile; fileRef = 5B70B7FB7C8F64DB5D959FB6 /* Components.swift */; };
		A82B1CD6B0C3B4A268354D59 /* SpellCorrectionTests.swift in Sources */ = {isa = PBXBuildFile; fileRef = 2C650CAB63A0A8CB8B8C1354 /* SpellCorrectionTests.swift */; };
		A84742D2B01658A5E2AB02DD /* OpenAIChatModel.swift in Sources */ = {isa = PBXBuildFile; fileRef = 34195B97923B3C8D50843C71 /* OpenAIChatModel.swift */; };
		A8F460257882317766A12FEC /* SelectionRewriteController.swift in Sources */ = {isa = PBXBuildFile; fileRef = A9DBF25FE3E08E7E4AEE1713 /* SelectionRewriteController.swift */; };
		A9D6B0D1B7C6A506763B5B6D /* HotkeyDebouncerTests.swift in Sources */ = {isa = PBXBuildFile; fileRef = E3F2EF8BFEA3DB31A1A2075E /* HotkeyDebouncerTests.swift */; };
		AA5636A7ED1F08E53956AA78 /* OpenAIFileTranscriber.swift in Sources */ = {isa = PBXBuildFile; fileRef = 149523C331CAAD2059DDE1E1 /* OpenAIFileTranscriber.swift */; };
		AB41FC6BE6B8890500CDCC21 /* OllamaModelCatalogTests.swift in Sources */ = {isa = PBXBuildFile; fileRef = B5FE4AF36AB734379464D631 /* OllamaModelCatalogTests.swift */; };
		B81A6789BD67ADCA98BAEFAA /* OpenAIChatEngine.swift in Sources */ = {isa = PBXBuildFile; fileRef = CAA05E33B013937A4459EF73 /* OpenAIChatEngine.swift */; };
		B88DC6EBC46F63F1A087B869 /* CleanupProviderChoice.swift in Sources */ = {isa = PBXBuildFile; fileRef = 5AE486B59BC5961CEBAAF829 /* CleanupProviderChoice.swift */; };
		BB5B3FC85791F64D0F396086 /* AutocompleteCoordinatorTests.swift in Sources */ = {isa = PBXBuildFile; fileRef = 33517DE6D4706C2241EEFCE4 /* AutocompleteCoordinatorTests.swift */; };
		BB8BE8CD45203B57BC43670E /* PromptComposerTests.swift in Sources */ = {isa = PBXBuildFile; fileRef = 862C9C8BA2AC430416228D6D /* PromptComposerTests.swift */; };
		BEB1D9B2B46D12545FFC0D5B /* OverlayPresentation.swift in Sources */ = {isa = PBXBuildFile; fileRef = 7E9FF6EF58C2D5B00F12E4A8 /* OverlayPresentation.swift */; };
		C02D4135873A84CA4E376A05 /* HotkeyDebouncer.swift in Sources */ = {isa = PBXBuildFile; fileRef = D6950B89216F5DA153BC3C31 /* HotkeyDebouncer.swift */; };
		C30BA1A37F867EF9AD0926D8 /* RewriteRunnerTests.swift in Sources */ = {isa = PBXBuildFile; fileRef = 47BF492D06B629AE1ECA498A /* RewriteRunnerTests.swift */; };
		C6AF4C5B4B421224855326A0 /* PlumaNavigationUITests.swift in Sources */ = {isa = PBXBuildFile; fileRef = 9D67E30C64DBB1C2BDDCEA98 /* PlumaNavigationUITests.swift */; };
		CBFDDB1928750E21308CF0DC /* RewriteTimeouts.swift in Sources */ = {isa = PBXBuildFile; fileRef = 7720212E9E5631F040387180 /* RewriteTimeouts.swift */; };
		CCA36B91D2812ABC21176FCB /* GlobalShortcut.swift in Sources */ = {isa = PBXBuildFile; fileRef = C10933E9DB5939D11C1F7F19 /* GlobalShortcut.swift */; };
		CDCC6A551DDF813B1E66EB2C /* GhostTextView.swift in Sources */ = {isa = PBXBuildFile; fileRef = 24C0D90B7A3DDBD070D0A716 /* GhostTextView.swift */; };
		CE3E0018F3C13BBCA9F3EC13 /* FeatureDefinition.swift in Sources */ = {isa = PBXBuildFile; fileRef = 37B5D69F8213977909E48047 /* FeatureDefinition.swift */; };
		CFA394DE522D9A0A343E4232 /* CaretResolverTests.swift in Sources */ = {isa = PBXBuildFile; fileRef = F92FBCC3A833E5AB79844979 /* CaretResolverTests.swift */; };
		D1FB6BED74D6609A0DD492AD /* ScreenContextKeywordsTests.swift in Sources */ = {isa = PBXBuildFile; fileRef = 7CA76F16AC00BAC12AA91686 /* ScreenContextKeywordsTests.swift */; };
		D3BB3D15ADBFC96DE64A1DEC /* OllamaModelCatalog.swift in Sources */ = {isa = PBXBuildFile; fileRef = 786F1EFDE9FE09BC63EC93F7 /* OllamaModelCatalog.swift */; };
		D5D4640BDA9765007ABB5468 /* DesignSystemTests.swift in Sources */ = {isa = PBXBuildFile; fileRef = D80F87752FA5A45813B5B5E6 /* DesignSystemTests.swift */; };
		D6B632BD30222C66CC288B13 /* PreferencesTests.swift in Sources */ = {isa = PBXBuildFile; fileRef = E9A184B61C9300921E6B2BBF /* PreferencesTests.swift */; };
		D767400B9333A251DD14E7A2 /* StyleProfileStore.swift in Sources */ = {isa = PBXBuildFile; fileRef = DBF75BC2789367705C5A1770 /* StyleProfileStore.swift */; };
		D9BC7566D9AE0AE2CFB3563F /* CheatCodeRecognizer.swift in Sources */ = {isa = PBXBuildFile; fileRef = 5DD064011A97476C89F27EF6 /* CheatCodeRecognizer.swift */; };
		DDDD0EAD68BBEAC939B9C7F7 /* OpenAIErrorBody.swift in Sources */ = {isa = PBXBuildFile; fileRef = 0BC8EDFBA2803756819C9045 /* OpenAIErrorBody.swift */; };
		EB90017E08369FF944A35EB2 /* AccessibilityPermission.swift in Sources */ = {isa = PBXBuildFile; fileRef = FD04979C778D4EA3510846A6 /* AccessibilityPermission.swift */; };
		EBD5FF953A796D3151D31685 /* OpenAITranscriptionTests.swift in Sources */ = {isa = PBXBuildFile; fileRef = D561C78CF4DFC04C4FCF4B20 /* OpenAITranscriptionTests.swift */; };
		EC92C748849DC076E42701CC /* DictationTranscribing.swift in Sources */ = {isa = PBXBuildFile; fileRef = 0E2B8B0C565C00C21FB0A697 /* DictationTranscribing.swift */; };
		F088CD1019E4440C93E568A7 /* MemoryStore.swift in Sources */ = {isa = PBXBuildFile; fileRef = E96ABF8868CF7D3293DC9500 /* MemoryStore.swift */; };
		F366E8003B1F8C395FC906D6 /* SpellMemoryStoreTests.swift in Sources */ = {isa = PBXBuildFile; fileRef = 724ECA6872931C74EC6CB33A /* SpellMemoryStoreTests.swift */; };
		F3EED12DBCB1E4B2B92DA81B /* PrivacyInfo.xcprivacy in Resources */ = {isa = PBXBuildFile; fileRef = B6E399731292669C4D83DC3F /* PrivacyInfo.xcprivacy */; };
		F5B6C88FA2EE610CD22427AA /* ProviderStatus.swift in Sources */ = {isa = PBXBuildFile; fileRef = EB3CC066C6582F706FA60D02 /* ProviderStatus.swift */; };
		F7DDF7526B4333FB17428F3E /* DeveloperMode.swift in Sources */ = {isa = PBXBuildFile; fileRef = 2B10A4C7CBC5DAC3043998BC /* DeveloperMode.swift */; };
		F8E4BF413AB855EE9D9944D9 /* DeveloperView.swift in Sources */ = {isa = PBXBuildFile; fileRef = D0255A672ABFD82E8EDE4960 /* DeveloperView.swift */; };
/* End PBXBuildFile section */

/* Begin PBXContainerItemProxy section */
		9A8E53401FE8C72D00FDDECE /* PBXContainerItemProxy */ = {
			isa = PBXContainerItemProxy;
			containerPortal = 43861972BE53B612AA929ED1 /* Project object */;
			proxyType = 1;
			remoteGlobalIDString = A5069CFF326DD297D6FD7F21;
			remoteInfo = Pluma;
		};
		C92EBDF861C716F3ADA170EA /* PBXContainerItemProxy */ = {
			isa = PBXContainerItemProxy;
			containerPortal = 43861972BE53B612AA929ED1 /* Project object */;
			proxyType = 1;
			remoteGlobalIDString = A5069CFF326DD297D6FD7F21;
			remoteInfo = Pluma;
		};
/* End PBXContainerItemProxy section */

/* Begin PBXFileReference section */
		033B246EB48A59D1EE8C77C7 /* CaretGeometry.swift */ = {isa = PBXFileReference; lastKnownFileType = sourcecode.swift; path = CaretGeometry.swift; sourceTree = "<group>"; };
		0681F392E4F11F164E640372 /* RewriteIntent.swift */ = {isa = PBXFileReference; lastKnownFileType = sourcecode.swift; path = RewriteIntent.swift; sourceTree = "<group>"; };
		0A332D3A4BC3E5E346565572 /* CaretInspector.swift */ = {isa = PBXFileReference; lastKnownFileType = sourcecode.swift; path = CaretInspector.swift; sourceTree = "<group>"; };
		0BC8EDFBA2803756819C9045 /* OpenAIErrorBody.swift */ = {isa = PBXFileReference; lastKnownFileType = sourcecode.swift; path = OpenAIErrorBody.swift; sourceTree = "<group>"; };
		0E0FC9BE5F496AF4F46A5F70 /* StyleProfileStoreTests.swift */ = {isa = PBXFileReference; lastKnownFileType = sourcecode.swift; path = StyleProfileStoreTests.swift; sourceTree = "<group>"; };
		0E2B8B0C565C00C21FB0A697 /* DictationTranscribing.swift */ = {isa = PBXFileReference; lastKnownFileType = sourcecode.swift; path = DictationTranscribing.swift; sourceTree = "<group>"; };
		108B716376233F654F1B4190 /* PCM16Audio.swift */ = {isa = PBXFileReference; lastKnownFileType = sourcecode.swift; path = PCM16Audio.swift; sourceTree = "<group>"; };
		12C08353489700F5AB47822D /* PasteboardAccess.swift */ = {isa = PBXFileReference; lastKnownFileType = sourcecode.swift; path = PasteboardAccess.swift; sourceTree = "<group>"; };
		149523C331CAAD2059DDE1E1 /* OpenAIFileTranscriber.swift */ = {isa = PBXFileReference; lastKnownFileType = sourcecode.swift; path = OpenAIFileTranscriber.swift; sourceTree = "<group>"; };
		15351C7034CB27322AED34B7 /* AccessibilityPrompt.h */ = {isa = PBXFileReference; lastKnownFileType = sourcecode.c.h; path = AccessibilityPrompt.h; sourceTree = "<group>"; };
		1754B3CF542A3CCCCD7CEC00 /* OpenAIKey.swift */ = {isa = PBXFileReference; lastKnownFileType = sourcecode.swift; path = OpenAIKey.swift; sourceTree = "<group>"; };
		18881EDD5BCEA32E8CB8A4B0 /* RewriteEngineError.swift */ = {isa = PBXFileReference; lastKnownFileType = sourcecode.swift; path = RewriteEngineError.swift; sourceTree = "<group>"; };
		1932029AA824A23D526B48E5 /* OllamaEngine.swift */ = {isa = PBXFileReference; lastKnownFileType = sourcecode.swift; path = OllamaEngine.swift; sourceTree = "<group>"; };
		19E448CA67FEDDB8A3AEFBD7 /* MemoryStoreTests.swift */ = {isa = PBXFileReference; lastKnownFileType = sourcecode.swift; path = MemoryStoreTests.swift; sourceTree = "<group>"; };
		1AEB2677ED3381ECF5831027 /* LogViewerModel.swift */ = {isa = PBXFileReference; lastKnownFileType = sourcecode.swift; path = LogViewerModel.swift; sourceTree = "<group>"; };
		1D50F272CCC074CA6FA9C24B /* Assets.xcassets */ = {isa = PBXFileReference; lastKnownFileType = folder.assetcatalog; path = Assets.xcassets; sourceTree = "<group>"; };
		1D6185EF686863E87EA80E03 /* RewriteRunner.swift */ = {isa = PBXFileReference; lastKnownFileType = sourcecode.swift; path = RewriteRunner.swift; sourceTree = "<group>"; };
		204947E0D18D6B3322B24100 /* SpeechTranscriptionEngine.swift */ = {isa = PBXFileReference; lastKnownFileType = sourcecode.swift; path = SpeechTranscriptionEngine.swift; sourceTree = "<group>"; };
		215848C0FC26014FFC6179F5 /* GhostTextGeometryTests.swift */ = {isa = PBXFileReference; lastKnownFileType = sourcecode.swift; path = GhostTextGeometryTests.swift; sourceTree = "<group>"; };
		24C0D90B7A3DDBD070D0A716 /* GhostTextView.swift */ = {isa = PBXFileReference; lastKnownFileType = sourcecode.swift; path = GhostTextView.swift; sourceTree = "<group>"; };
		2B10A4C7CBC5DAC3043998BC /* DeveloperMode.swift */ = {isa = PBXFileReference; lastKnownFileType = sourcecode.swift; path = DeveloperMode.swift; sourceTree = "<group>"; };
		2BB3463F91A697094417BACD /* AutocompleteCoordinator.swift */ = {isa = PBXFileReference; lastKnownFileType = sourcecode.swift; path = AutocompleteCoordinator.swift; sourceTree = "<group>"; };
		2C650CAB63A0A8CB8B8C1354 /* SpellCorrectionTests.swift */ = {isa = PBXFileReference; lastKnownFileType = sourcecode.swift; path = SpellCorrectionTests.swift; sourceTree = "<group>"; };
		2CC79CB7436BA6C5530269A2 /* AutocompleteView.swift */ = {isa = PBXFileReference; lastKnownFileType = sourcecode.swift; path = AutocompleteView.swift; sourceTree = "<group>"; };
		33517DE6D4706C2241EEFCE4 /* AutocompleteCoordinatorTests.swift */ = {isa = PBXFileReference; lastKnownFileType = sourcecode.swift; path = AutocompleteCoordinatorTests.swift; sourceTree = "<group>"; };
		33540925037198A27BC4636B /* AccessibilityPrompt-Bridging-Header.h */ = {isa = PBXFileReference; lastKnownFileType = sourcecode.c.h; path = "AccessibilityPrompt-Bridging-Header.h"; sourceTree = "<group>"; };
		34195B97923B3C8D50843C71 /* OpenAIChatModel.swift */ = {isa = PBXFileReference; lastKnownFileType = sourcecode.swift; path = OpenAIChatModel.swift; sourceTree = "<group>"; };
		37B5D69F8213977909E48047 /* FeatureDefinition.swift */ = {isa = PBXFileReference; lastKnownFileType = sourcecode.swift; path = FeatureDefinition.swift; sourceTree = "<group>"; };
		3840F0DE7C1F8D8948F774D2 /* ComponentPreviews.swift */ = {isa = PBXFileReference; lastKnownFileType = sourcecode.swift; path = ComponentPreviews.swift; sourceTree = "<group>"; };
		3B0C2A4E4E4364161FCADC18 /* OverviewView.swift */ = {isa = PBXFileReference; lastKnownFileType = sourcecode.swift; path = OverviewView.swift; sourceTree = "<group>"; };
		3CC33EED3A14CE4F3B57D6AC /* ComparisonRunner.swift */ = {isa = PBXFileReference; lastKnownFileType = sourcecode.swift; path = ComparisonRunner.swift; sourceTree = "<group>"; };
		3E5890B61EABAAA397FD793B /* KeychainStore.swift */ = {isa = PBXFileReference; lastKnownFileType = sourcecode.swift; path = KeychainStore.swift; sourceTree = "<group>"; };
		435A827ECB9E1379C91D6E0D /* RewriteOutputSanitizer.swift */ = {isa = PBXFileReference; lastKnownFileType = sourcecode.swift; path = RewriteOutputSanitizer.swift; sourceTree = "<group>"; };
		43E8B5141FF65B532F1BD3BC /* PlumaTests.xctest */ = {isa = PBXFileReference; explicitFileType = wrapper.cfbundle; includeInIndex = 0; path = PlumaTests.xctest; sourceTree = BUILT_PRODUCTS_DIR; };
		47BF492D06B629AE1ECA498A /* RewriteRunnerTests.swift */ = {isa = PBXFileReference; lastKnownFileType = sourcecode.swift; path = RewriteRunnerTests.swift; sourceTree = "<group>"; };
		4CB23F340ADA2220ABF9EE65 /* HomeView.swift */ = {isa = PBXFileReference; lastKnownFileType = sourcecode.swift; path = HomeView.swift; sourceTree = "<group>"; };
		4E817CCD638C8DB85D4DC594 /* GhostTextGeometry.swift */ = {isa = PBXFileReference; lastKnownFileType = sourcecode.swift; path = GhostTextGeometry.swift; sourceTree = "<group>"; };
		511245ACBCCAC386B612DB8C /* DictationController.swift */ = {isa = PBXFileReference; lastKnownFileType = sourcecode.swift; path = DictationController.swift; sourceTree = "<group>"; };
		5140C9E93B800CBAFC626E5F /* RewriteServiceProvider.swift */ = {isa = PBXFileReference; lastKnownFileType = sourcecode.swift; path = RewriteServiceProvider.swift; sourceTree = "<group>"; };
		55A6530C17AD653FC60B9C4A /* AppleIntelligenceEngine.swift */ = {isa = PBXFileReference; lastKnownFileType = sourcecode.swift; path = AppleIntelligenceEngine.swift; sourceTree = "<group>"; };
		5620DB9831605B06E13DBE95 /* AXTextInsertion.swift */ = {isa = PBXFileReference; lastKnownFileType = sourcecode.swift; path = AXTextInsertion.swift; sourceTree = "<group>"; };
		58FFE19E10682AD1D887C182 /* DictationTranscript.swift */ = {isa = PBXFileReference; lastKnownFileType = sourcecode.swift; path = DictationTranscript.swift; sourceTree = "<group>"; };
		59A06A36279BB7B930B3523C /* CaretTracePanel.swift */ = {isa = PBXFileReference; lastKnownFileType = sourcecode.swift; path = CaretTracePanel.swift; sourceTree = "<group>"; };
		5AE486B59BC5961CEBAAF829 /* CleanupProviderChoice.swift */ = {isa = PBXFileReference; lastKnownFileType = sourcecode.swift; path = CleanupProviderChoice.swift; sourceTree = "<group>"; };
		5B70B7FB7C8F64DB5D959FB6 /* Components.swift */ = {isa = PBXFileReference; lastKnownFileType = sourcecode.swift; path = Components.swift; sourceTree = "<group>"; };
		5DD064011A97476C89F27EF6 /* CheatCodeRecognizer.swift */ = {isa = PBXFileReference; lastKnownFileType = sourcecode.swift; path = CheatCodeRecognizer.swift; sourceTree = "<group>"; };
		61481581499C78E99D678D35 /* RecipeChainTests.swift */ = {isa = PBXFileReference; lastKnownFileType = sourcecode.swift; path = RecipeChainTests.swift; sourceTree = "<group>"; };
		6B2CC21EB90F5074B9777382 /* PlaygroundView.swift */ = {isa = PBXFileReference; lastKnownFileType = sourcecode.swift; path = PlaygroundView.swift; sourceTree = "<group>"; };
		6CB4B2063E4E333CD80C09DB /* CleanupComparisonView.swift */ = {isa = PBXFileReference; lastKnownFileType = sourcecode.swift; path = CleanupComparisonView.swift; sourceTree = "<group>"; };
		7012B71DC824910516B61471 /* AppleFileTranscriber.swift */ = {isa = PBXFileReference; lastKnownFileType = sourcecode.swift; path = AppleFileTranscriber.swift; sourceTree = "<group>"; };
		724ECA6872931C74EC6CB33A /* SpellMemoryStoreTests.swift */ = {isa = PBXFileReference; lastKnownFileType = sourcecode.swift; path = SpellMemoryStoreTests.swift; sourceTree = "<group>"; };
		76B92AAA8530056AD55A19B6 /* AccessibilityPrompt.m */ = {isa = PBXFileReference; lastKnownFileType = sourcecode.c.objc; path = AccessibilityPrompt.m; sourceTree = "<group>"; };
		7720212E9E5631F040387180 /* RewriteTimeouts.swift */ = {isa = PBXFileReference; lastKnownFileType = sourcecode.swift; path = RewriteTimeouts.swift; sourceTree = "<group>"; };
		786F1EFDE9FE09BC63EC93F7 /* OllamaModelCatalog.swift */ = {isa = PBXFileReference; lastKnownFileType = sourcecode.swift; path = OllamaModelCatalog.swift; sourceTree = "<group>"; };
		7C1762099D540BF0A1E00A9C /* ClipboardFallbackTests.swift */ = {isa = PBXFileReference; lastKnownFileType = sourcecode.swift; path = ClipboardFallbackTests.swift; sourceTree = "<group>"; };
		7CA76F16AC00BAC12AA91686 /* ScreenContextKeywordsTests.swift */ = {isa = PBXFileReference; lastKnownFileType = sourcecode.swift; path = ScreenContextKeywordsTests.swift; sourceTree = "<group>"; };
		7D626BF4CC67BB0E9C73E949 /* RecipeActionCard.swift */ = {isa = PBXFileReference; lastKnownFileType = sourcecode.swift; path = RecipeActionCard.swift; sourceTree = "<group>"; };
		7E352249AF4E5E1540F6005E /* SettingsView.swift */ = {isa = PBXFileReference; lastKnownFileType = sourcecode.swift; path = SettingsView.swift; sourceTree = "<group>"; };
		7E9FF6EF58C2D5B00F12E4A8 /* OverlayPresentation.swift */ = {isa = PBXFileReference; lastKnownFileType = sourcecode.swift; path = OverlayPresentation.swift; sourceTree = "<group>"; };
		7F88B1A2B326B071A1F25B1F /* Pluma.app */ = {isa = PBXFileReference; explicitFileType = wrapper.application; includeInIndex = 0; path = Pluma.app; sourceTree = BUILT_PRODUCTS_DIR; };
		7F99AD499D63D5D594B51BF6 /* MainWindowView.swift */ = {isa = PBXFileReference; lastKnownFileType = sourcecode.swift; path = MainWindowView.swift; sourceTree = "<group>"; };
		83210C17AA6C5F8B68DFF605 /* HotkeyManager.swift */ = {isa = PBXFileReference; lastKnownFileType = sourcecode.swift; path = HotkeyManager.swift; sourceTree = "<group>"; };
		84FF3614732873A2282CA8D4 /* DebugLogLevelTests.swift */ = {isa = PBXFileReference; lastKnownFileType = sourcecode.swift; path = DebugLogLevelTests.swift; sourceTree = "<group>"; };
		862C9C8BA2AC430416228D6D /* PromptComposerTests.swift */ = {isa = PBXFileReference; lastKnownFileType = sourcecode.swift; path = PromptComposerTests.swift; sourceTree = "<group>"; };
		8D270BCC126787DB5A1D388A /* CompletionSuggestion.swift */ = {isa = PBXFileReference; lastKnownFileType = sourcecode.swift; path = CompletionSuggestion.swift; sourceTree = "<group>"; };
		9B77840FF3F78472A37B0E24 /* PlumaTheme.swift */ = {isa = PBXFileReference; lastKnownFileType = sourcecode.swift; path = PlumaTheme.swift; sourceTree = "<group>"; };
		9CDD0EC54AB47BD89FEA2B82 /* PlumaApp.swift */ = {isa = PBXFileReference; lastKnownFileType = sourcecode.swift; path = PlumaApp.swift; sourceTree = "<group>"; };
		9D67E30C64DBB1C2BDDCEA98 /* PlumaNavigationUITests.swift */ = {isa = PBXFileReference; lastKnownFileType = sourcecode.swift; path = PlumaNavigationUITests.swift; sourceTree = "<group>"; };
		9F7BE0B5A1CFEC17A07C571C /* RewriteViewModel.swift */ = {isa = PBXFileReference; lastKnownFileType = sourcecode.swift; path = RewriteViewModel.swift; sourceTree = "<group>"; };
		A0D33193602BB60D701493B9 /* PasteboardSnapshot.swift */ = {isa = PBXFileReference; lastKnownFileType = sourcecode.swift; path = PasteboardSnapshot.swift; sourceTree = "<group>"; };
		A56B71090E08C1A1AEADDDB3 /* DictationProviderChoice.swift */ = {isa = PBXFileReference; lastKnownFileType = sourcecode.swift; path = DictationProviderChoice.swift; sourceTree = "<group>"; };
		A5F4C31A8065602998EA4FF1 /* ScreenContextProvider.swift */ = {isa = PBXFileReference; lastKnownFileType = sourcecode.swift; path = ScreenContextProvider.swift; sourceTree = "<group>"; };
		A9DBF25FE3E08E7E4AEE1713 /* SelectionRewriteController.swift */ = {isa = PBXFileReference; lastKnownFileType = sourcecode.swift; path = SelectionRewriteController.swift; sourceTree = "<group>"; };
		AA9C4ACD202C31BC55A92619 /* AppDelegate.swift */ = {isa = PBXFileReference; lastKnownFileType = sourcecode.swift; path = AppDelegate.swift; sourceTree = "<group>"; };
		AB437C10010152518C81A986 /* RewriteProviderChoice.swift */ = {isa = PBXFileReference; lastKnownFileType = sourcecode.swift; path = RewriteProviderChoice.swift; sourceTree = "<group>"; };
		AC762D192D449FE288D14887 /* RewriteOutputSanitizerTests.swift */ = {isa = PBXFileReference; lastKnownFileType = sourcecode.swift; path = RewriteOutputSanitizerTests.swift; sourceTree = "<group>"; };
		B58E03E536B1FB6D5C93EDB3 /* DictationView.swift */ = {isa = PBXFileReference; lastKnownFileType = sourcecode.swift; path = DictationView.swift; sourceTree = "<group>"; };
		B5FE4AF36AB734379464D631 /* OllamaModelCatalogTests.swift */ = {isa = PBXFileReference; lastKnownFileType = sourcecode.swift; path = OllamaModelCatalogTests.swift; sourceTree = "<group>"; };
		B6E399731292669C4D83DC3F /* PrivacyInfo.xcprivacy */ = {isa = PBXFileReference; path = PrivacyInfo.xcprivacy; sourceTree = "<group>"; };
		B8D9B57E93190B904281F60E /* DebugLog.swift */ = {isa = PBXFileReference; lastKnownFileType = sourcecode.swift; path = DebugLog.swift; sourceTree = "<group>"; };
		B91979A329EB09A07FA4DAEA /* FocusedFieldTracker.swift */ = {isa = PBXFileReference; lastKnownFileType = sourcecode.swift; path = FocusedFieldTracker.swift; sourceTree = "<group>"; };
		BCFDE061D28F71B142C057ED /* DictationTranscriptTests.swift */ = {isa = PBXFileReference; lastKnownFileType = sourcecode.swift; path = DictationTranscriptTests.swift; sourceTree = "<group>"; };
		C0A8FCDC4A0D302B6FD51321 /* PlumaUITests.xctest */ = {isa = PBXFileReference; explicitFileType = wrapper.cfbundle; includeInIndex = 0; path = PlumaUITests.xctest; sourceTree = BUILT_PRODUCTS_DIR; };
		C10933E9DB5939D11C1F7F19 /* GlobalShortcut.swift */ = {isa = PBXFileReference; lastKnownFileType = sourcecode.swift; path = GlobalShortcut.swift; sourceTree = "<group>"; };
		C23C733B47D5E1200BCA0E4D /* SpellMemoryStore.swift */ = {isa = PBXFileReference; lastKnownFileType = sourcecode.swift; path = SpellMemoryStore.swift; sourceTree = "<group>"; };
		C665AB90507A3053E945A917 /* TextEnvelope.swift */ = {isa = PBXFileReference; lastKnownFileType = sourcecode.swift; path = TextEnvelope.swift; sourceTree = "<group>"; };
		C8EBE2A7C63BCB415CF9433A /* CheatCodeRecognizerTests.swift */ = {isa = PBXFileReference; lastKnownFileType = sourcecode.swift; path = CheatCodeRecognizerTests.swift; sourceTree = "<group>"; };
		C928768B8480C2DA1A9615E4 /* PromptComposer.swift */ = {isa = PBXFileReference; lastKnownFileType = sourcecode.swift; path = PromptComposer.swift; sourceTree = "<group>"; };
		CAA05E33B013937A4459EF73 /* OpenAIChatEngine.swift */ = {isa = PBXFileReference; lastKnownFileType = sourcecode.swift; path = OpenAIChatEngine.swift; sourceTree = "<group>"; };
		CECABE8A8A1AD7228B888F17 /* AXFocus.swift */ = {isa = PBXFileReference; lastKnownFileType = sourcecode.swift; path = AXFocus.swift; sourceTree = "<group>"; };
		D0255A672ABFD82E8EDE4960 /* DeveloperView.swift */ = {isa = PBXFileReference; lastKnownFileType = sourcecode.swift; path = DeveloperView.swift; sourceTree = "<group>"; };
		D0496F99038C01C527BA9363 /* SuggestionOverlayController.swift */ = {isa = PBXFileReference; lastKnownFileType = sourcecode.swift; path = SuggestionOverlayController.swift; sourceTree = "<group>"; };
		D061800E11B022E95219D27E /* LaunchAtLogin.swift */ = {isa = PBXFileReference; lastKnownFileType = sourcecode.swift; path = LaunchAtLogin.swift; sourceTree = "<group>"; };
		D1126823183A0645FCC5A3B9 /* ShortcutRecorderView.swift */ = {isa = PBXFileReference; lastKnownFileType = sourcecode.swift; path = ShortcutRecorderView.swift; sourceTree = "<group>"; };
		D114A39A42DCFAEE58DCCD40 /* AudioCaptureSession.swift */ = {isa = PBXFileReference; lastKnownFileType = sourcecode.swift; path = AudioCaptureSession.swift; sourceTree = "<group>"; };
		D269B5853865D45E0B7D730D /* Preferences.swift */ = {isa = PBXFileReference; lastKnownFileType = sourcecode.swift; path = Preferences.swift; sourceTree = "<group>"; };
		D26E417D862C0E117F3F1B86 /* SuggestionPresentationTests.swift */ = {isa = PBXFileReference; lastKnownFileType = sourcecode.swift; path = SuggestionPresentationTests.swift; sourceTree = "<group>"; };
		D561C78CF4DFC04C4FCF4B20 /* OpenAITranscriptionTests.swift */ = {isa = PBXFileReference; lastKnownFileType = sourcecode.swift; path = OpenAITranscriptionTests.swift; sourceTree = "<group>"; };
		D62E5D457627989FB1948ECB /* PermissionPoller.swift */ = {isa = PBXFileReference; lastKnownFileType = sourcecode.swift; path = PermissionPoller.swift; sourceTree = "<group>"; };
		D6950B89216F5DA153BC3C31 /* HotkeyDebouncer.swift */ = {isa = PBXFileReference; lastKnownFileType = sourcecode.swift; path = HotkeyDebouncer.swift; sourceTree = "<group>"; };
		D80F87752FA5A45813B5B5E6 /* DesignSystemTests.swift */ = {isa = PBXFileReference; lastKnownFileType = sourcecode.swift; path = DesignSystemTests.swift; sourceTree = "<group>"; };
		DA69C13E119E717E725C2CED /* ClipboardRewriteController.swift */ = {isa = PBXFileReference; lastKnownFileType = sourcecode.swift; path = ClipboardRewriteController.swift; sourceTree = "<group>"; };
		DBF75BC2789367705C5A1770 /* StyleProfileStore.swift */ = {isa = PBXFileReference; lastKnownFileType = sourcecode.swift; path = StyleProfileStore.swift; sourceTree = "<group>"; };
		DC71F4E8618CC84D056A1AFB /* MicrophonePermission.swift */ = {isa = PBXFileReference; lastKnownFileType = sourcecode.swift; path = MicrophonePermission.swift; sourceTree = "<group>"; };
		E3F2EF8BFEA3DB31A1A2075E /* HotkeyDebouncerTests.swift */ = {isa = PBXFileReference; lastKnownFileType = sourcecode.swift; path = HotkeyDebouncerTests.swift; sourceTree = "<group>"; };
		E5096D3D7034E13D4609AC79 /* PasteboardSnapshotTests.swift */ = {isa = PBXFileReference; lastKnownFileType = sourcecode.swift; path = PasteboardSnapshotTests.swift; sourceTree = "<group>"; };
		E96ABF8868CF7D3293DC9500 /* MemoryStore.swift */ = {isa = PBXFileReference; lastKnownFileType = sourcecode.swift; path = MemoryStore.swift; sourceTree = "<group>"; };
		E9A184B61C9300921E6B2BBF /* PreferencesTests.swift */ = {isa = PBXFileReference; lastKnownFileType = sourcecode.swift; path = PreferencesTests.swift; sourceTree = "<group>"; };
		EB3CC066C6582F706FA60D02 /* ProviderStatus.swift */ = {isa = PBXFileReference; lastKnownFileType = sourcecode.swift; path = ProviderStatus.swift; sourceTree = "<group>"; };
		EB8F6951CCC7670B9840ED79 /* AudioSampleRecorder.swift */ = {isa = PBXFileReference; lastKnownFileType = sourcecode.swift; path = AudioSampleRecorder.swift; sourceTree = "<group>"; };
		F10D590D13441AAA10CD0CDA /* SpellCorrection.swift */ = {isa = PBXFileReference; lastKnownFileType = sourcecode.swift; path = SpellCorrection.swift; sourceTree = "<group>"; };
		F217FE27D3D5E4D6007ECE03 /* RewriteServiceProviderTests.swift */ = {isa = PBXFileReference; lastKnownFileType = sourcecode.swift; path = RewriteServiceProviderTests.swift; sourceTree = "<group>"; };
		F7E2268E6585BCBC0F22E561 /* OpenAITranscriptionEngine.swift */ = {isa = PBXFileReference; lastKnownFileType = sourcecode.swift; path = OpenAITranscriptionEngine.swift; sourceTree = "<group>"; };
		F809A0572BC8D715517B5C96 /* CompletionSuggestionTests.swift */ = {isa = PBXFileReference; lastKnownFileType = sourcecode.swift; path = CompletionSuggestionTests.swift; sourceTree = "<group>"; };
		F822E14562383403240D83DB /* AnywhereCard.swift */ = {isa = PBXFileReference; lastKnownFileType = sourcecode.swift; path = AnywhereCard.swift; sourceTree = "<group>"; };
		F92FBCC3A833E5AB79844979 /* CaretResolverTests.swift */ = {isa = PBXFileReference; lastKnownFileType = sourcecode.swift; path = CaretResolverTests.swift; sourceTree = "<group>"; };
		F9A5CC6ACFFA67545F78B6CB /* TextEnvelopeTests.swift */ = {isa = PBXFileReference; lastKnownFileType = sourcecode.swift; path = TextEnvelopeTests.swift; sourceTree = "<group>"; };
		FD04979C778D4EA3510846A6 /* AccessibilityPermission.swift */ = {isa = PBXFileReference; lastKnownFileType = sourcecode.swift; path = AccessibilityPermission.swift; sourceTree = "<group>"; };
/* End PBXFileReference section */

/* Begin PBXGroup section */
		00BCFDA2F51558DE569E4378 /* Providers */ = {
			isa = PBXGroup;
			children = (
				55A6530C17AD653FC60B9C4A /* AppleIntelligenceEngine.swift */,
				1932029AA824A23D526B48E5 /* OllamaEngine.swift */,
				CAA05E33B013937A4459EF73 /* OpenAIChatEngine.swift */,
				18881EDD5BCEA32E8CB8A4B0 /* RewriteEngineError.swift */,
				435A827ECB9E1379C91D6E0D /* RewriteOutputSanitizer.swift */,
				1D6185EF686863E87EA80E03 /* RewriteRunner.swift */,
				7720212E9E5631F040387180 /* RewriteTimeouts.swift */,
			);
			path = Providers;
			sourceTree = "<group>";
		};
		00FA36675B64AA80C4C4B791 /* Autocomplete */ = {
			isa = PBXGroup;
			children = (
				FD04979C778D4EA3510846A6 /* AccessibilityPermission.swift */,
				33540925037198A27BC4636B /* AccessibilityPrompt-Bridging-Header.h */,
				15351C7034CB27322AED34B7 /* AccessibilityPrompt.h */,
				76B92AAA8530056AD55A19B6 /* AccessibilityPrompt.m */,
				2BB3463F91A697094417BACD /* AutocompleteCoordinator.swift */,
				033B246EB48A59D1EE8C77C7 /* CaretGeometry.swift */,
				8D270BCC126787DB5A1D388A /* CompletionSuggestion.swift */,
				B91979A329EB09A07FA4DAEA /* FocusedFieldTracker.swift */,
				4E817CCD638C8DB85D4DC594 /* GhostTextGeometry.swift */,
				24C0D90B7A3DDBD070D0A716 /* GhostTextView.swift */,
				E96ABF8868CF7D3293DC9500 /* MemoryStore.swift */,
				A5F4C31A8065602998EA4FF1 /* ScreenContextProvider.swift */,
				F10D590D13441AAA10CD0CDA /* SpellCorrection.swift */,
				C23C733B47D5E1200BCA0E4D /* SpellMemoryStore.swift */,
				DBF75BC2789367705C5A1770 /* StyleProfileStore.swift */,
				D0496F99038C01C527BA9363 /* SuggestionOverlayController.swift */,
			);
			path = Autocomplete;
			sourceTree = "<group>";
		};
		0B33116140F66D62200BBDC5 = {
			isa = PBXGroup;
			children = (
				BCE3BB6F2786A872C8AFA0A4 /* Pluma */,
				4AE0911FD1EAEAFDEB284566 /* PlumaTests */,
				4103CBF090524008002FBE11 /* PlumaUITests */,
				7F007F0C7F4A2DDD0CD9E4FA /* Products */,
			);
			sourceTree = "<group>";
		};
		389F58894695B45BED79885D /* Services */ = {
			isa = PBXGroup;
			children = (
				CECABE8A8A1AD7228B888F17 /* AXFocus.swift */,
				5620DB9831605B06E13DBE95 /* AXTextInsertion.swift */,
				B8D9B57E93190B904281F60E /* DebugLog.swift */,
				D6950B89216F5DA153BC3C31 /* HotkeyDebouncer.swift */,
				3E5890B61EABAAA397FD793B /* KeychainStore.swift */,
				D061800E11B022E95219D27E /* LaunchAtLogin.swift */,
				786F1EFDE9FE09BC63EC93F7 /* OllamaModelCatalog.swift */,
				0BC8EDFBA2803756819C9045 /* OpenAIErrorBody.swift */,
				1754B3CF542A3CCCCD7CEC00 /* OpenAIKey.swift */,
				12C08353489700F5AB47822D /* PasteboardAccess.swift */,
				A0D33193602BB60D701493B9 /* PasteboardSnapshot.swift */,
				D62E5D457627989FB1948ECB /* PermissionPoller.swift */,
				D269B5853865D45E0B7D730D /* Preferences.swift */,
				C928768B8480C2DA1A9615E4 /* PromptComposer.swift */,
				5140C9E93B800CBAFC626E5F /* RewriteServiceProvider.swift */,
				9F7BE0B5A1CFEC17A07C571C /* RewriteViewModel.swift */,
				C665AB90507A3053E945A917 /* TextEnvelope.swift */,
			);
			path = Services;
			sourceTree = "<group>";
		};
		4103CBF090524008002FBE11 /* PlumaUITests */ = {
			isa = PBXGroup;
			children = (
				9D67E30C64DBB1C2BDDCEA98 /* PlumaNavigationUITests.swift */,
			);
			path = PlumaUITests;
			sourceTree = "<group>";
		};
		4AE0911FD1EAEAFDEB284566 /* PlumaTests */ = {
			isa = PBXGroup;
			children = (
				33517DE6D4706C2241EEFCE4 /* AutocompleteCoordinatorTests.swift */,
				F92FBCC3A833E5AB79844979 /* CaretResolverTests.swift */,
				C8EBE2A7C63BCB415CF9433A /* CheatCodeRecognizerTests.swift */,
				7C1762099D540BF0A1E00A9C /* ClipboardFallbackTests.swift */,
				F809A0572BC8D715517B5C96 /* CompletionSuggestionTests.swift */,
				84FF3614732873A2282CA8D4 /* DebugLogLevelTests.swift */,
				D80F87752FA5A45813B5B5E6 /* DesignSystemTests.swift */,
				BCFDE061D28F71B142C057ED /* DictationTranscriptTests.swift */,
				215848C0FC26014FFC6179F5 /* GhostTextGeometryTests.swift */,
				E3F2EF8BFEA3DB31A1A2075E /* HotkeyDebouncerTests.swift */,
				19E448CA67FEDDB8A3AEFBD7 /* MemoryStoreTests.swift */,
				B5FE4AF36AB734379464D631 /* OllamaModelCatalogTests.swift */,
				D561C78CF4DFC04C4FCF4B20 /* OpenAITranscriptionTests.swift */,
				E5096D3D7034E13D4609AC79 /* PasteboardSnapshotTests.swift */,
				E9A184B61C9300921E6B2BBF /* PreferencesTests.swift */,
				862C9C8BA2AC430416228D6D /* PromptComposerTests.swift */,
				61481581499C78E99D678D35 /* RecipeChainTests.swift */,
				AC762D192D449FE288D14887 /* RewriteOutputSanitizerTests.swift */,
				47BF492D06B629AE1ECA498A /* RewriteRunnerTests.swift */,
				F217FE27D3D5E4D6007ECE03 /* RewriteServiceProviderTests.swift */,
				7CA76F16AC00BAC12AA91686 /* ScreenContextKeywordsTests.swift */,
				2C650CAB63A0A8CB8B8C1354 /* SpellCorrectionTests.swift */,
				724ECA6872931C74EC6CB33A /* SpellMemoryStoreTests.swift */,
				0E0FC9BE5F496AF4F46A5F70 /* StyleProfileStoreTests.swift */,
				D26E417D862C0E117F3F1B86 /* SuggestionPresentationTests.swift */,
				F9A5CC6ACFFA67545F78B6CB /* TextEnvelopeTests.swift */,
			);
			path = PlumaTests;
			sourceTree = "<group>";
		};
		66A5CF939E84F599CBB00664 /* DesignSystem */ = {
			isa = PBXGroup;
			children = (
				3840F0DE7C1F8D8948F774D2 /* ComponentPreviews.swift */,
				5B70B7FB7C8F64DB5D959FB6 /* Components.swift */,
				37B5D69F8213977909E48047 /* FeatureDefinition.swift */,
				7E9FF6EF58C2D5B00F12E4A8 /* OverlayPresentation.swift */,
				9B77840FF3F78472A37B0E24 /* PlumaTheme.swift */,
			);
			path = DesignSystem;
			sourceTree = "<group>";
		};
		6EEDD269FD8B46DAB0EF5985 /* App */ = {
			isa = PBXGroup;
			children = (
				AA9C4ACD202C31BC55A92619 /* AppDelegate.swift */,
				9CDD0EC54AB47BD89FEA2B82 /* PlumaApp.swift */,
			);
			path = App;
			sourceTree = "<group>";
		};
		7F007F0C7F4A2DDD0CD9E4FA /* Products */ = {
			isa = PBXGroup;
			children = (
				7F88B1A2B326B071A1F25B1F /* Pluma.app */,
				43E8B5141FF65B532F1BD3BC /* PlumaTests.xctest */,
				C0A8FCDC4A0D302B6FD51321 /* PlumaUITests.xctest */,
			);
			name = Products;
			sourceTree = "<group>";
		};
		A139FE796A2BC38DF2EE76A1 /* Views */ = {
			isa = PBXGroup;
			children = (
				F822E14562383403240D83DB /* AnywhereCard.swift */,
				2CC79CB7436BA6C5530269A2 /* AutocompleteView.swift */,
				6CB4B2063E4E333CD80C09DB /* CleanupComparisonView.swift */,
				D0255A672ABFD82E8EDE4960 /* DeveloperView.swift */,
				B58E03E536B1FB6D5C93EDB3 /* DictationView.swift */,
				4CB23F340ADA2220ABF9EE65 /* HomeView.swift */,
				7F99AD499D63D5D594B51BF6 /* MainWindowView.swift */,
				3B0C2A4E4E4364161FCADC18 /* OverviewView.swift */,
				6B2CC21EB90F5074B9777382 /* PlaygroundView.swift */,
				7D626BF4CC67BB0E9C73E949 /* RecipeActionCard.swift */,
				7E352249AF4E5E1540F6005E /* SettingsView.swift */,
				D1126823183A0645FCC5A3B9 /* ShortcutRecorderView.swift */,
			);
			path = Views;
			sourceTree = "<group>";
		};
		A268C97905B4B7A051DC096A /* Hotkey */ = {
			isa = PBXGroup;
			children = (
				DA69C13E119E717E725C2CED /* ClipboardRewriteController.swift */,
				C10933E9DB5939D11C1F7F19 /* GlobalShortcut.swift */,
				83210C17AA6C5F8B68DFF605 /* HotkeyManager.swift */,
				A9DBF25FE3E08E7E4AEE1713 /* SelectionRewriteController.swift */,
			);
			path = Hotkey;
			sourceTree = "<group>";
		};
		AF2B263A23D9E0B2CE87F1B8 /* Models */ = {
			isa = PBXGroup;
			children = (
				5AE486B59BC5961CEBAAF829 /* CleanupProviderChoice.swift */,
				A56B71090E08C1A1AEADDDB3 /* DictationProviderChoice.swift */,
				34195B97923B3C8D50843C71 /* OpenAIChatModel.swift */,
				EB3CC066C6582F706FA60D02 /* ProviderStatus.swift */,
				0681F392E4F11F164E640372 /* RewriteIntent.swift */,
				AB437C10010152518C81A986 /* RewriteProviderChoice.swift */,
			);
			path = Models;
			sourceTree = "<group>";
		};
		BCE3BB6F2786A872C8AFA0A4 /* Pluma */ = {
			isa = PBXGroup;
			children = (
				B6E399731292669C4D83DC3F /* PrivacyInfo.xcprivacy */,
				6EEDD269FD8B46DAB0EF5985 /* App */,
				00FA36675B64AA80C4C4B791 /* Autocomplete */,
				66A5CF939E84F599CBB00664 /* DesignSystem */,
				C9661D05131BE79A6D0D17A3 /* Developer */,
				FC69AEA513253B80A8763581 /* Dictation */,
				A268C97905B4B7A051DC096A /* Hotkey */,
				AF2B263A23D9E0B2CE87F1B8 /* Models */,
				00BCFDA2F51558DE569E4378 /* Providers */,
				D1A1DB4B42424BAA8CEDE304 /* Resources */,
				389F58894695B45BED79885D /* Services */,
				A139FE796A2BC38DF2EE76A1 /* Views */,
			);
			path = Pluma;
			sourceTree = "<group>";
		};
		C9661D05131BE79A6D0D17A3 /* Developer */ = {
			isa = PBXGroup;
			children = (
				0A332D3A4BC3E5E346565572 /* CaretInspector.swift */,
				59A06A36279BB7B930B3523C /* CaretTracePanel.swift */,
				5DD064011A97476C89F27EF6 /* CheatCodeRecognizer.swift */,
				2B10A4C7CBC5DAC3043998BC /* DeveloperMode.swift */,
				1AEB2677ED3381ECF5831027 /* LogViewerModel.swift */,
			);
			path = Developer;
			sourceTree = "<group>";
		};
		D1A1DB4B42424BAA8CEDE304 /* Resources */ = {
			isa = PBXGroup;
			children = (
				1D50F272CCC074CA6FA9C24B /* Assets.xcassets */,
			);
			path = Resources;
			sourceTree = "<group>";
		};
		FC69AEA513253B80A8763581 /* Dictation */ = {
			isa = PBXGroup;
			children = (
				7012B71DC824910516B61471 /* AppleFileTranscriber.swift */,
				D114A39A42DCFAEE58DCCD40 /* AudioCaptureSession.swift */,
				EB8F6951CCC7670B9840ED79 /* AudioSampleRecorder.swift */,
				3CC33EED3A14CE4F3B57D6AC /* ComparisonRunner.swift */,
				511245ACBCCAC386B612DB8C /* DictationController.swift */,
				0E2B8B0C565C00C21FB0A697 /* DictationTranscribing.swift */,
				58FFE19E10682AD1D887C182 /* DictationTranscript.swift */,
				DC71F4E8618CC84D056A1AFB /* MicrophonePermission.swift */,
				149523C331CAAD2059DDE1E1 /* OpenAIFileTranscriber.swift */,
				F7E2268E6585BCBC0F22E561 /* OpenAITranscriptionEngine.swift */,
				108B716376233F654F1B4190 /* PCM16Audio.swift */,
				204947E0D18D6B3322B24100 /* SpeechTranscriptionEngine.swift */,
			);
			path = Dictation;
			sourceTree = "<group>";
		};
/* End PBXGroup section */

/* Begin PBXNativeTarget section */
		7FC9BDD8085A73E18C6F5E71 /* PlumaUITests */ = {
			isa = PBXNativeTarget;
			buildConfigurationList = 9AA01720D82D0F3ADAE19D30 /* Build configuration list for PBXNativeTarget "PlumaUITests" */;
			buildPhases = (
				BE3AF26F081C505CE839D204 /* Sources */,
			);
			buildRules = (
			);
			dependencies = (
				A956BBA85048358CEF4D90DD /* PBXTargetDependency */,
			);
			name = PlumaUITests;
			packageProductDependencies = (
			);
			productName = PlumaUITests;
			productReference = C0A8FCDC4A0D302B6FD51321 /* PlumaUITests.xctest */;
			productType = "com.apple.product-type.bundle.ui-testing";
		};
		A5069CFF326DD297D6FD7F21 /* Pluma */ = {
			isa = PBXNativeTarget;
			buildConfigurationList = 6A922FF29DCEAC3D06275F9E /* Build configuration list for PBXNativeTarget "Pluma" */;
			buildPhases = (
				9772F5F8A793A788FF58FEE7 /* Sources */,
				D327A59553A64F0DB0328F52 /* Resources */,
			);
			buildRules = (
			);
			dependencies = (
			);
			name = Pluma;
			packageProductDependencies = (
			);
			productName = Pluma;
			productReference = 7F88B1A2B326B071A1F25B1F /* Pluma.app */;
			productType = "com.apple.product-type.application";
		};
		BAA69CA398D577C34D8DA018 /* PlumaTests */ = {
			isa = PBXNativeTarget;
			buildConfigurationList = C3EDDDA0C5656FAE4EF459B2 /* Build configuration list for PBXNativeTarget "PlumaTests" */;
			buildPhases = (
				3D51D38F8C4F79ECF0DE0189 /* Sources */,
			);
			buildRules = (
			);
			dependencies = (
				CBD2484D9DFB24A78394CD13 /* PBXTargetDependency */,
			);
			name = PlumaTests;
			packageProductDependencies = (
			);
			productName = PlumaTests;
			productReference = 43E8B5141FF65B532F1BD3BC /* PlumaTests.xctest */;
			productType = "com.apple.product-type.bundle.unit-test";
		};
/* End PBXNativeTarget section */

/* Begin PBXProject section */
		43861972BE53B612AA929ED1 /* Project object */ = {
			isa = PBXProject;
			attributes = {
				BuildIndependentTargetsInParallel = YES;
				LastUpgradeCheck = 1430;
				TargetAttributes = {
					7FC9BDD8085A73E18C6F5E71 = {
						ProvisioningStyle = Manual;
						TestTargetID = A5069CFF326DD297D6FD7F21;
					};
					A5069CFF326DD297D6FD7F21 = {
						ProvisioningStyle = Manual;
					};
					BAA69CA398D577C34D8DA018 = {
						ProvisioningStyle = Manual;
					};
				};
			};
			buildConfigurationList = FC6F7C21EEBA34C8099E5853 /* Build configuration list for PBXProject "Pluma" */;
			developmentRegion = en;
			hasScannedForEncodings = 0;
			knownRegions = (
				Base,
				en,
			);
			mainGroup = 0B33116140F66D62200BBDC5;
			minimizedProjectReferenceProxies = 1;
			preferredProjectObjectVersion = 77;
			productRefGroup = 7F007F0C7F4A2DDD0CD9E4FA /* Products */;
			projectDirPath = "";
			projectRoot = "";
			targets = (
				A5069CFF326DD297D6FD7F21 /* Pluma */,
				BAA69CA398D577C34D8DA018 /* PlumaTests */,
				7FC9BDD8085A73E18C6F5E71 /* PlumaUITests */,
			);
		};
/* End PBXProject section */

/* Begin PBXResourcesBuildPhase section */
		D327A59553A64F0DB0328F52 /* Resources */ = {
			isa = PBXResourcesBuildPhase;
			buildActionMask = 2147483647;
			files = (
				15C486F4AACDC19683A065A8 /* Assets.xcassets in Resources */,
				F3EED12DBCB1E4B2B92DA81B /* PrivacyInfo.xcprivacy in Resources */,
			);
			runOnlyForDeploymentPostprocessing = 0;
		};
/* End PBXResourcesBuildPhase section */

/* Begin PBXSourcesBuildPhase section */
		3D51D38F8C4F79ECF0DE0189 /* Sources */ = {
			isa = PBXSourcesBuildPhase;
			buildActionMask = 2147483647;
			files = (
				BB5B3FC85791F64D0F396086 /* AutocompleteCoordinatorTests.swift in Sources */,
				CFA394DE522D9A0A343E4232 /* CaretResolverTests.swift in Sources */,
				5D2D985DC9B8E15CCD95F223 /* CheatCodeRecognizerTests.swift in Sources */,
				A2BE7C168ED35C8B5AD25296 /* ClipboardFallbackTests.swift in Sources */,
				34B8D7CB6633F34C4840E2B5 /* CompletionSuggestionTests.swift in Sources */,
				80C92ABE5F74910BCF5AC47E /* DebugLogLevelTests.swift in Sources */,
				D5D4640BDA9765007ABB5468 /* DesignSystemTests.swift in Sources */,
				0B6DD3BE55E85DF40C1F889D /* DictationTranscriptTests.swift in Sources */,
				4EE68553496BE12D01AE70C4 /* GhostTextGeometryTests.swift in Sources */,
				A9D6B0D1B7C6A506763B5B6D /* HotkeyDebouncerTests.swift in Sources */,
				5C8CFD6890D6233B6D27C2FB /* MemoryStoreTests.swift in Sources */,
				AB41FC6BE6B8890500CDCC21 /* OllamaModelCatalogTests.swift in Sources */,
				EBD5FF953A796D3151D31685 /* OpenAITranscriptionTests.swift in Sources */,
				62E3C962FED6475A79B826A8 /* PasteboardSnapshotTests.swift in Sources */,
				D6B632BD30222C66CC288B13 /* PreferencesTests.swift in Sources */,
				BB8BE8CD45203B57BC43670E /* PromptComposerTests.swift in Sources */,
				256E6E1067384D6695F96D24 /* RecipeChainTests.swift in Sources */,
				387F78A206007BE0BD7DB141 /* RewriteOutputSanitizerTests.swift in Sources */,
				C30BA1A37F867EF9AD0926D8 /* RewriteRunnerTests.swift in Sources */,
				A4A32B81253F5ACED5133A23 /* RewriteServiceProviderTests.swift in Sources */,
				D1FB6BED74D6609A0DD492AD /* ScreenContextKeywordsTests.swift in Sources */,
				A82B1CD6B0C3B4A268354D59 /* SpellCorrectionTests.swift in Sources */,
				F366E8003B1F8C395FC906D6 /* SpellMemoryStoreTests.swift in Sources */,
				71E255CE2F7588BF6C2570EB /* StyleProfileStoreTests.swift in Sources */,
				0E969B6F7B6D2C8074E9AB6B /* SuggestionPresentationTests.swift in Sources */,
				21754A84AE980E674F49F2FF /* TextEnvelopeTests.swift in Sources */,
			);
			runOnlyForDeploymentPostprocessing = 0;
		};
		9772F5F8A793A788FF58FEE7 /* Sources */ = {
			isa = PBXSourcesBuildPhase;
			buildActionMask = 2147483647;
			files = (
				201546377BCCB116A75DAD5D /* AXFocus.swift in Sources */,
				7AC66FAEF959122EDE3E490E /* AXTextInsertion.swift in Sources */,
				EB90017E08369FF944A35EB2 /* AccessibilityPermission.swift in Sources */,
				1139DA1DAB74D8D24F1C5103 /* AccessibilityPrompt.m in Sources */,
				7582DC7554C8DBA7E0D63766 /* AnywhereCard.swift in Sources */,
				52219644022864A0730816CC /* AppDelegate.swift in Sources */,
				9F536E04A17B88A856871FB3 /* AppleFileTranscriber.swift in Sources */,
				0C7FF197B43200468C65A48F /* AppleIntelligenceEngine.swift in Sources */,
				8A4FC158B70CBA614CCC66CD /* AudioCaptureSession.swift in Sources */,
				188F8DF86A03CB28C997981D /* AudioSampleRecorder.swift in Sources */,
				4787E21D2D787C042C7E0D7B /* AutocompleteCoordinator.swift in Sources */,
				022CD9485FB33AB81CBF0A92 /* AutocompleteView.swift in Sources */,
				4CCD1E2B1089B0CF756250D9 /* CaretGeometry.swift in Sources */,
				43C7CBDB411177A633B87477 /* CaretInspector.swift in Sources */,
				9222D889A2EC068A01682D74 /* CaretTracePanel.swift in Sources */,
				D9BC7566D9AE0AE2CFB3563F /* CheatCodeRecognizer.swift in Sources */,
				1F827C37C6B6B4259808ABB7 /* CleanupComparisonView.swift in Sources */,
				B88DC6EBC46F63F1A087B869 /* CleanupProviderChoice.swift in Sources */,
				1541723E41A4CDCFE9A024B6 /* ClipboardRewriteController.swift in Sources */,
				679D3C91845E4F1773F66CE6 /* ComparisonRunner.swift in Sources */,
				00788A2D226B5074D6AF870A /* CompletionSuggestion.swift in Sources */,
				50BDCC0E316172EB383327C7 /* ComponentPreviews.swift in Sources */,
				A642CB9F2CFB3C6A8DAC22F4 /* Components.swift in Sources */,
				598B8FDC1B317613E4707C75 /* DebugLog.swift in Sources */,
				F7DDF7526B4333FB17428F3E /* DeveloperMode.swift in Sources */,
				F8E4BF413AB855EE9D9944D9 /* DeveloperView.swift in Sources */,
				23DBB2696786231E9A625970 /* DictationController.swift in Sources */,
				293C4DBA4A49A94F5FB72048 /* DictationProviderChoice.swift in Sources */,
				EC92C748849DC076E42701CC /* DictationTranscribing.swift in Sources */,
				420D1CD99A0DAD4093C95DFF /* DictationTranscript.swift in Sources */,
				9F0D797A3F6651565628F6E5 /* DictationView.swift in Sources */,
				CE3E0018F3C13BBCA9F3EC13 /* FeatureDefinition.swift in Sources */,
				6219999D4A1DC5A7F9FB6F97 /* FocusedFieldTracker.swift in Sources */,
				1A8AB8FE5A5511D5D7BB897C /* GhostTextGeometry.swift in Sources */,
				CDCC6A551DDF813B1E66EB2C /* GhostTextView.swift in Sources */,
				CCA36B91D2812ABC21176FCB /* GlobalShortcut.swift in Sources */,
				67E90716A67BB5458656D9C9 /* HomeView.swift in Sources */,
				C02D4135873A84CA4E376A05 /* HotkeyDebouncer.swift in Sources */,
				0CD573C264CAE0F04E172D09 /* HotkeyManager.swift in Sources */,
				047238ABB5899EFF1B95DE81 /* KeychainStore.swift in Sources */,
				994262054C6D6DF40E4112E4 /* LaunchAtLogin.swift in Sources */,
				93409516FB0EF17F32D31FA0 /* LogViewerModel.swift in Sources */,
				245D52E62237F29F26EF38EA /* MainWindowView.swift in Sources */,
				F088CD1019E4440C93E568A7 /* MemoryStore.swift in Sources */,
				0D3813FE851E9FD952FB2F09 /* MicrophonePermission.swift in Sources */,
				640E3E18601C074A3BE754D0 /* OllamaEngine.swift in Sources */,
				D3BB3D15ADBFC96DE64A1DEC /* OllamaModelCatalog.swift in Sources */,
				B81A6789BD67ADCA98BAEFAA /* OpenAIChatEngine.swift in Sources */,
				A84742D2B01658A5E2AB02DD /* OpenAIChatModel.swift in Sources */,
				DDDD0EAD68BBEAC939B9C7F7 /* OpenAIErrorBody.swift in Sources */,
				AA5636A7ED1F08E53956AA78 /* OpenAIFileTranscriber.swift in Sources */,
				887C175DD9F53335AEB54D52 /* OpenAIKey.swift in Sources */,
				373565224FB20B72D880F67B /* OpenAITranscriptionEngine.swift in Sources */,
				BEB1D9B2B46D12545FFC0D5B /* OverlayPresentation.swift in Sources */,
				08D620E16B9432169D90F2E9 /* OverviewView.swift in Sources */,
				2A79EDA403F6B904BFC99804 /* PCM16Audio.swift in Sources */,
				435AD4B23CCB219CBF01C684 /* PasteboardAccess.swift in Sources */,
				88F60309A111D2AC03E376BE /* PasteboardSnapshot.swift in Sources */,
				9AF9623D458DEF3836BAF657 /* PermissionPoller.swift in Sources */,
				7DE330E8AAE115ABC126E205 /* PlaygroundView.swift in Sources */,
				7CB1CADAE16DF74DBBF39667 /* PlumaApp.swift in Sources */,
				863EB0FF0D411175CD9A1B7B /* PlumaTheme.swift in Sources */,
				66D4B42F784E41B1625815F4 /* Preferences.swift in Sources */,
				32AA243409232CABE1F3B794 /* PromptComposer.swift in Sources */,
				F5B6C88FA2EE610CD22427AA /* ProviderStatus.swift in Sources */,
				A587572DA8B3A2AE1BB2B56F /* RecipeActionCard.swift in Sources */,
				7E0280DA8CCAF1E98433A3BE /* RewriteEngineError.swift in Sources */,
				74640BAB7ACA642DF9575CC4 /* RewriteIntent.swift in Sources */,
				5DAC6A9A7ACB96AEAAA5533C /* RewriteOutputSanitizer.swift in Sources */,
				1FB4789FB9FC1BE21BEAFECE /* RewriteProviderChoice.swift in Sources */,
				1ED9EACDC3C0DE98840090DF /* RewriteRunner.swift in Sources */,
				2C1261701D0E841A8A79EA3C /* RewriteServiceProvider.swift in Sources */,
				CBFDDB1928750E21308CF0DC /* RewriteTimeouts.swift in Sources */,
				90F554E8FBE087EF603211F7 /* RewriteViewModel.swift in Sources */,
				60D59E99C4508A42B453FE4D /* ScreenContextProvider.swift in Sources */,
				A8F460257882317766A12FEC /* SelectionRewriteController.swift in Sources */,
				3BB108A03F8B645D5BFE052F /* SettingsView.swift in Sources */,
				7A025A4904004197EED62CDA /* ShortcutRecorderView.swift in Sources */,
				49657E11DD974D311ED44195 /* SpeechTranscriptionEngine.swift in Sources */,
				31AEB14DF84BD766CA34AA65 /* SpellCorrection.swift in Sources */,
				828534DB421A90136E8B1BB8 /* SpellMemoryStore.swift in Sources */,
				D767400B9333A251DD14E7A2 /* StyleProfileStore.swift in Sources */,
				7034325D8D55E97E0B73A909 /* SuggestionOverlayController.swift in Sources */,
				5CD37B181CD38C5625322D46 /* TextEnvelope.swift in Sources */,
			);
			runOnlyForDeploymentPostprocessing = 0;
		};
		BE3AF26F081C505CE839D204 /* Sources */ = {
			isa = PBXSourcesBuildPhase;
			buildActionMask = 2147483647;
			files = (
				C6AF4C5B4B421224855326A0 /* PlumaNavigationUITests.swift in Sources */,
			);
			runOnlyForDeploymentPostprocessing = 0;
		};
/* End PBXSourcesBuildPhase section */

/* Begin PBXTargetDependency section */
		A956BBA85048358CEF4D90DD /* PBXTargetDependency */ = {
			isa = PBXTargetDependency;
			target = A5069CFF326DD297D6FD7F21 /* Pluma */;
			targetProxy = C92EBDF861C716F3ADA170EA /* PBXContainerItemProxy */;
		};
		CBD2484D9DFB24A78394CD13 /* PBXTargetDependency */ = {
			isa = PBXTargetDependency;
			target = A5069CFF326DD297D6FD7F21 /* Pluma */;
			targetProxy = 9A8E53401FE8C72D00FDDECE /* PBXContainerItemProxy */;
		};
/* End PBXTargetDependency section */

/* Begin XCBuildConfiguration section */
		1EFECB792E4E6F23C12B4ABD /* Release */ = {
			isa = XCBuildConfiguration;
			buildSettings = {
				ALWAYS_SEARCH_USER_PATHS = NO;
				CLANG_ANALYZER_NONNULL = YES;
				CLANG_ANALYZER_NUMBER_OBJECT_CONVERSION = YES_AGGRESSIVE;
				CLANG_CXX_LANGUAGE_STANDARD = "gnu++14";
				CLANG_CXX_LIBRARY = "libc++";
				CLANG_ENABLE_MODULES = YES;
				CLANG_ENABLE_OBJC_ARC = YES;
				CLANG_ENABLE_OBJC_WEAK = YES;
				CLANG_WARN_BLOCK_CAPTURE_AUTORELEASING = YES;
				CLANG_WARN_BOOL_CONVERSION = YES;
				CLANG_WARN_COMMA = YES;
				CLANG_WARN_CONSTANT_CONVERSION = YES;
				CLANG_WARN_DEPRECATED_OBJC_IMPLEMENTATIONS = YES;
				CLANG_WARN_DIRECT_OBJC_ISA_USAGE = YES_ERROR;
				CLANG_WARN_DOCUMENTATION_COMMENTS = YES;
				CLANG_WARN_EMPTY_BODY = YES;
				CLANG_WARN_ENUM_CONVERSION = YES;
				CLANG_WARN_INFINITE_RECURSION = YES;
				CLANG_WARN_INT_CONVERSION = YES;
				CLANG_WARN_NON_LITERAL_NULL_CONVERSION = YES;
				CLANG_WARN_OBJC_IMPLICIT_RETAIN_SELF = YES;
				CLANG_WARN_OBJC_LITERAL_CONVERSION = YES;
				CLANG_WARN_OBJC_ROOT_CLASS = YES_ERROR;
				CLANG_WARN_QUOTED_INCLUDE_IN_FRAMEWORK_HEADER = YES;
				CLANG_WARN_RANGE_LOOP_ANALYSIS = YES;
				CLANG_WARN_STRICT_PROTOTYPES = YES;
				CLANG_WARN_SUSPICIOUS_MOVE = YES;
				CLANG_WARN_UNGUARDED_AVAILABILITY = YES_AGGRESSIVE;
				CLANG_WARN_UNREACHABLE_CODE = YES;
				CLANG_WARN__DUPLICATE_METHOD_MATCH = YES;
				CODE_SIGN_IDENTITY = "Local Self-Signed";
				CODE_SIGN_STYLE = Manual;
				COPY_PHASE_STRIP = NO;
				DEBUG_INFORMATION_FORMAT = "dwarf-with-dsym";
				ENABLE_HARDENED_RUNTIME = NO;
				ENABLE_NS_ASSERTIONS = NO;
				ENABLE_STRICT_OBJC_MSGSEND = YES;
				GCC_C_LANGUAGE_STANDARD = gnu11;
				GCC_NO_COMMON_BLOCKS = YES;
				GCC_WARN_64_TO_32_BIT_CONVERSION = YES;
				GCC_WARN_ABOUT_RETURN_TYPE = YES_ERROR;
				GCC_WARN_UNDECLARED_SELECTOR = YES;
				GCC_WARN_UNINITIALIZED_AUTOS = YES_AGGRESSIVE;
				GCC_WARN_UNUSED_FUNCTION = YES;
				GCC_WARN_UNUSED_VARIABLE = YES;
				MACOSX_DEPLOYMENT_TARGET = 26.0;
				MTL_ENABLE_DEBUG_INFO = NO;
				MTL_FAST_MATH = YES;
				PRODUCT_NAME = "$(TARGET_NAME)";
				PROVISIONING_PROFILE_SPECIFIER = "";
				SDKROOT = macosx;
				SWIFT_COMPILATION_MODE = wholemodule;
				SWIFT_OPTIMIZATION_LEVEL = "-O";
				SWIFT_VERSION = 6.0;
			};
			name = Release;
		};
		6AD52EA8E90BA4CC1935E517 /* Release */ = {
			isa = XCBuildConfiguration;
			buildSettings = {
				ASSETCATALOG_COMPILER_APPICON_NAME = AppIcon;
				ASSETCATALOG_COMPILER_GLOBAL_ACCENT_COLOR_NAME = AccentColor;
				CODE_SIGN_ENTITLEMENTS = Pluma/Pluma.entitlements;
				COMBINE_HIDPI_IMAGES = YES;
				CURRENT_PROJECT_VERSION = 1;
				GENERATE_INFOPLIST_FILE = NO;
				INFOPLIST_FILE = Pluma/Info.plist;
				LD_RUNPATH_SEARCH_PATHS = (
					"$(inherited)",
					"@executable_path/../Frameworks",
				);
				MARKETING_VERSION = 0.1.0;
				PRODUCT_BUNDLE_IDENTIFIER = com.scottlatz.Pluma;
				PRODUCT_MODULE_NAME = Pluma;
				PRODUCT_NAME = Pluma;
				SDKROOT = macosx;
				SWIFT_OBJC_BRIDGING_HEADER = "Pluma/Autocomplete/AccessibilityPrompt-Bridging-Header.h";
				SWIFT_STRICT_CONCURRENCY = complete;
			};
			name = Release;
		};
		6EB2BB8113A4F90B3E185785 /* Debug */ = {
			isa = XCBuildConfiguration;
			buildSettings = {
				ASSETCATALOG_COMPILER_APPICON_NAME = AppIcon;
				ASSETCATALOG_COMPILER_GLOBAL_ACCENT_COLOR_NAME = AccentColor;
				CODE_SIGN_ENTITLEMENTS = Pluma/Pluma.entitlements;
				COMBINE_HIDPI_IMAGES = YES;
				CURRENT_PROJECT_VERSION = 1;
				ENABLE_DEBUG_DYLIB = NO;
				GENERATE_INFOPLIST_FILE = NO;
				INFOPLIST_FILE = Pluma/Info.plist;
				LD_RUNPATH_SEARCH_PATHS = (
					"$(inherited)",
					"@executable_path/../Frameworks",
				);
				MARKETING_VERSION = 0.1.0;
				PRODUCT_BUNDLE_IDENTIFIER = com.scottlatz.Pluma;
				PRODUCT_MODULE_NAME = Pluma;
				PRODUCT_NAME = Pluma;
				SDKROOT = macosx;
				SWIFT_OBJC_BRIDGING_HEADER = "Pluma/Autocomplete/AccessibilityPrompt-Bridging-Header.h";
				SWIFT_STRICT_CONCURRENCY = complete;
			};
			name = Debug;
		};
		74C3CD7C01A1FABEF109C389 /* Debug */ = {
			isa = XCBuildConfiguration;
			buildSettings = {
				ALWAYS_SEARCH_USER_PATHS = NO;
				CLANG_ANALYZER_NONNULL = YES;
				CLANG_ANALYZER_NUMBER_OBJECT_CONVERSION = YES_AGGRESSIVE;
				CLANG_CXX_LANGUAGE_STANDARD = "gnu++14";
				CLANG_CXX_LIBRARY = "libc++";
				CLANG_ENABLE_MODULES = YES;
				CLANG_ENABLE_OBJC_ARC = YES;
				CLANG_ENABLE_OBJC_WEAK = YES;
				CLANG_WARN_BLOCK_CAPTURE_AUTORELEASING = YES;
				CLANG_WARN_BOOL_CONVERSION = YES;
				CLANG_WARN_COMMA = YES;
				CLANG_WARN_CONSTANT_CONVERSION = YES;
				CLANG_WARN_DEPRECATED_OBJC_IMPLEMENTATIONS = YES;
				CLANG_WARN_DIRECT_OBJC_ISA_USAGE = YES_ERROR;
				CLANG_WARN_DOCUMENTATION_COMMENTS = YES;
				CLANG_WARN_EMPTY_BODY = YES;
				CLANG_WARN_ENUM_CONVERSION = YES;
				CLANG_WARN_INFINITE_RECURSION = YES;
				CLANG_WARN_INT_CONVERSION = YES;
				CLANG_WARN_NON_LITERAL_NULL_CONVERSION = YES;
				CLANG_WARN_OBJC_IMPLICIT_RETAIN_SELF = YES;
				CLANG_WARN_OBJC_LITERAL_CONVERSION = YES;
				CLANG_WARN_OBJC_ROOT_CLASS = YES_ERROR;
				CLANG_WARN_QUOTED_INCLUDE_IN_FRAMEWORK_HEADER = YES;
				CLANG_WARN_RANGE_LOOP_ANALYSIS = YES;
				CLANG_WARN_STRICT_PROTOTYPES = YES;
				CLANG_WARN_SUSPICIOUS_MOVE = YES;
				CLANG_WARN_UNGUARDED_AVAILABILITY = YES_AGGRESSIVE;
				CLANG_WARN_UNREACHABLE_CODE = YES;
				CLANG_WARN__DUPLICATE_METHOD_MATCH = YES;
				CODE_SIGN_IDENTITY = "Local Self-Signed";
				CODE_SIGN_STYLE = Manual;
				COPY_PHASE_STRIP = NO;
				DEBUG_INFORMATION_FORMAT = dwarf;
				ENABLE_HARDENED_RUNTIME = NO;
				ENABLE_STRICT_OBJC_MSGSEND = YES;
				ENABLE_TESTABILITY = YES;
				GCC_C_LANGUAGE_STANDARD = gnu11;
				GCC_DYNAMIC_NO_PIC = NO;
				GCC_NO_COMMON_BLOCKS = YES;
				GCC_OPTIMIZATION_LEVEL = 0;
				GCC_PREPROCESSOR_DEFINITIONS = (
					"$(inherited)",
					"DEBUG=1",
				);
				GCC_WARN_64_TO_32_BIT_CONVERSION = YES;
				GCC_WARN_ABOUT_RETURN_TYPE = YES_ERROR;
				GCC_WARN_UNDECLARED_SELECTOR = YES;
				GCC_WARN_UNINITIALIZED_AUTOS = YES_AGGRESSIVE;
				GCC_WARN_UNUSED_FUNCTION = YES;
				GCC_WARN_UNUSED_VARIABLE = YES;
				MACOSX_DEPLOYMENT_TARGET = 26.0;
				MTL_ENABLE_DEBUG_INFO = INCLUDE_SOURCE;
				MTL_FAST_MATH = YES;
				ONLY_ACTIVE_ARCH = YES;
				PRODUCT_NAME = "$(TARGET_NAME)";
				PROVISIONING_PROFILE_SPECIFIER = "";
				SDKROOT = macosx;
				SWIFT_ACTIVE_COMPILATION_CONDITIONS = DEBUG;
				SWIFT_OPTIMIZATION_LEVEL = "-Onone";
				SWIFT_VERSION = 6.0;
			};
			name = Debug;
		};
		89733C6F1CD42AF03924B433 /* Debug */ = {
			isa = XCBuildConfiguration;
			buildSettings = {
				BUNDLE_LOADER = "$(TEST_HOST)";
				COMBINE_HIDPI_IMAGES = YES;
				GENERATE_INFOPLIST_FILE = YES;
				LD_RUNPATH_SEARCH_PATHS = (
					"$(inherited)",
					"@executable_path/../Frameworks",
					"@loader_path/../Frameworks",
				);
				PRODUCT_BUNDLE_IDENTIFIER = com.scottlatz.PlumaTests;
				SDKROOT = macosx;
				TEST_HOST = "$(BUILT_PRODUCTS_DIR)/Pluma.app/Contents/MacOS/Pluma";
			};
			name = Debug;
		};
		A343ABDB5B9BEE896DEB2E5A /* Release */ = {
			isa = XCBuildConfiguration;
			buildSettings = {
				BUNDLE_LOADER = "$(TEST_HOST)";
				COMBINE_HIDPI_IMAGES = YES;
				GENERATE_INFOPLIST_FILE = YES;
				LD_RUNPATH_SEARCH_PATHS = (
					"$(inherited)",
					"@executable_path/Frameworks",
					"@loader_path/Frameworks",
				);
				PRODUCT_BUNDLE_IDENTIFIER = com.scottlatz.PlumaUITests;
				SDKROOT = macosx;
				TEST_TARGET_NAME = Pluma;
			};
			name = Release;
		};
		B2938924C9E39921F80247A5 /* Debug */ = {
			isa = XCBuildConfiguration;
			buildSettings = {
				BUNDLE_LOADER = "$(TEST_HOST)";
				COMBINE_HIDPI_IMAGES = YES;
				GENERATE_INFOPLIST_FILE = YES;
				LD_RUNPATH_SEARCH_PATHS = (
					"$(inherited)",
					"@executable_path/Frameworks",
					"@loader_path/Frameworks",
				);
				PRODUCT_BUNDLE_IDENTIFIER = com.scottlatz.PlumaUITests;
				SDKROOT = macosx;
				TEST_TARGET_NAME = Pluma;
			};
			name = Debug;
		};
		C7934837348C4CD0E0DE1F40 /* Release */ = {
			isa = XCBuildConfiguration;
			buildSettings = {
				BUNDLE_LOADER = "$(TEST_HOST)";
				COMBINE_HIDPI_IMAGES = YES;
				GENERATE_INFOPLIST_FILE = YES;
				LD_RUNPATH_SEARCH_PATHS = (
					"$(inherited)",
					"@executable_path/../Frameworks",
					"@loader_path/../Frameworks",
				);
				PRODUCT_BUNDLE_IDENTIFIER = com.scottlatz.PlumaTests;
				SDKROOT = macosx;
				TEST_HOST = "$(BUILT_PRODUCTS_DIR)/Pluma.app/Contents/MacOS/Pluma";
			};
			name = Release;
		};
/* End XCBuildConfiguration section */

/* Begin XCConfigurationList section */
		6A922FF29DCEAC3D06275F9E /* Build configuration list for PBXNativeTarget "Pluma" */ = {
			isa = XCConfigurationList;
			buildConfigurations = (
				6EB2BB8113A4F90B3E185785 /* Debug */,
				6AD52EA8E90BA4CC1935E517 /* Release */,
			);
			defaultConfigurationIsVisible = 0;
			defaultConfigurationName = Debug;
		};
		9AA01720D82D0F3ADAE19D30 /* Build configuration list for PBXNativeTarget "PlumaUITests" */ = {
			isa = XCConfigurationList;
			buildConfigurations = (
				B2938924C9E39921F80247A5 /* Debug */,
				A343ABDB5B9BEE896DEB2E5A /* Release */,
			);
			defaultConfigurationIsVisible = 0;
			defaultConfigurationName = Debug;
		};
		C3EDDDA0C5656FAE4EF459B2 /* Build configuration list for PBXNativeTarget "PlumaTests" */ = {
			isa = XCConfigurationList;
			buildConfigurations = (
				89733C6F1CD42AF03924B433 /* Debug */,
				C7934837348C4CD0E0DE1F40 /* Release */,
			);
			defaultConfigurationIsVisible = 0;
			defaultConfigurationName = Debug;
		};
		FC6F7C21EEBA34C8099E5853 /* Build configuration list for PBXProject "Pluma" */ = {
			isa = XCConfigurationList;
			buildConfigurations = (
				74C3CD7C01A1FABEF109C389 /* Debug */,
				1EFECB792E4E6F23C12B4ABD /* Release */,
			);
			defaultConfigurationIsVisible = 0;
			defaultConfigurationName = Debug;
		};
/* End XCConfigurationList section */
	};
	rootObject = 43861972BE53B612AA929ED1 /* Project object */;
}
