// !$*UTF8*$!
{
	archiveVersion = 1;
	classes = {
	};
	objectVersion = 77;
	objects = {

/* Begin PBXBuildFile section */
		06BB7E1516247937F80A4495 /* OllamaEngine.swift in Sources */ = {isa = PBXBuildFile; fileRef = 17048874BC6393F1BC959476 /* OllamaEngine.swift */; };
		08256C2A9C707028323F53E6 /* OpenAITranscriptionEngine.swift in Sources */ = {isa = PBXBuildFile; fileRef = 94A51090FDFD597519BB3660 /* OpenAITranscriptionEngine.swift */; };
		0B4D8C85F44B948D3BEE4A4D /* OpenAIChatEngine.swift in Sources */ = {isa = PBXBuildFile; fileRef = 89E9DABF7A19E947CDA88014 /* OpenAIChatEngine.swift */; };
		11A4FD16B710D6F9C7702B5B /* MemoryStoreTests.swift in Sources */ = {isa = PBXBuildFile; fileRef = 74DC182BC552BECB0F002C3A /* MemoryStoreTests.swift */; };
		12E5D4B2D56470DC7CBB026B /* StyleProfileStore.swift in Sources */ = {isa = PBXBuildFile; fileRef = A2BB33840ADD98B14288917A /* StyleProfileStore.swift */; };
		1690C030D0276933A8D48859 /* AccessibilityPrompt.m in Sources */ = {isa = PBXBuildFile; fileRef = C1DDBFE966E597DAD153C0CD /* AccessibilityPrompt.m */; };
		177D9B33C7968722A6F75213 /* AppleIntelligenceEngine.swift in Sources */ = {isa = PBXBuildFile; fileRef = 2988AE8305A3F736D136B9D5 /* AppleIntelligenceEngine.swift */; };
		1938A3858D380E7C46A5DAED /* DictationTranscribing.swift in Sources */ = {isa = PBXBuildFile; fileRef = 2E056ED0C9105FF210695E4E /* DictationTranscribing.swift */; };
		1B8E2D391BF0DD60DECFA2CF /* DesignSystem.swift in Sources */ = {isa = PBXBuildFile; fileRef = 10719583E11EA0F76AB79784 /* DesignSystem.swift */; };
		1E7DC9CAB1288EE107DCEE73 /* RewriteServiceProvider.swift in Sources */ = {isa = PBXBuildFile; fileRef = 7D746E21454C431022C5C8F9 /* RewriteServiceProvider.swift */; };
		207B3667A9A2682E137003FA /* StyleProfileStoreTests.swift in Sources */ = {isa = PBXBuildFile; fileRef = 51773EB1D1BAE94ABBFE1589 /* StyleProfileStoreTests.swift */; };
		208B8B4FD2B3A5D45BFE946B /* AnywhereCard.swift in Sources */ = {isa = PBXBuildFile; fileRef = CB2F42B16C8690F68D6B54B2 /* AnywhereCard.swift */; };
		20CBE8C882A6B588B00BB38F /* SettingsView.swift in Sources */ = {isa = PBXBuildFile; fileRef = 3269C366CBF5C6B50F183168 /* SettingsView.swift */; };
		23F9B6986EB46E74BD9F9B04 /* Assets.xcassets in Resources */ = {isa = PBXBuildFile; fileRef = 236F5EE924A508B0459934FD /* Assets.xcassets */; };
		253095C9CFA6FF89EED75204 /* AXTextInsertion.swift in Sources */ = {isa = PBXBuildFile; fileRef = D134AA659ADA703F9F6D7BA1 /* AXTextInsertion.swift */; };
		2B59E99E075A6DF0EBEABE25 /* Preferences.swift in Sources */ = {isa = PBXBuildFile; fileRef = 9AC0CC83363DAFFB195B1A31 /* Preferences.swift */; };
		2E467DD1468CCD8EFFC36C99 /* HotkeyManager.swift in Sources */ = {isa = PBXBuildFile; fileRef = BFF3D92D1C90BF3C4E392242 /* HotkeyManager.swift */; };
		368B8C7139A2985F9E7F6664 /* RewriteIntent.swift in Sources */ = {isa = PBXBuildFile; fileRef = D9C569F9FB551F99E5DBF433 /* RewriteIntent.swift */; };
		37DCEFA5C00A1B6159EB20C3 /* RewriteApp.swift in Sources */ = {isa = PBXBuildFile; fileRef = 9EE8EB042F0BD8A68637063C /* RewriteApp.swift */; };
		3C0DC71E63E259048A4E7968 /* OpenAIKey.swift in Sources */ = {isa = PBXBuildFile; fileRef = 63AC5D808DAFEA53BF5D64D6 /* OpenAIKey.swift */; };
		3D43E4219CB09634C5B02930 /* ProviderStatus.swift in Sources */ = {isa = PBXBuildFile; fileRef = CCB0464FD3DA298DB022AB87 /* ProviderStatus.swift */; };
		3DE36DC702DCD907D2734543 /* DictationTranscript.swift in Sources */ = {isa = PBXBuildFile; fileRef = EF7AD9993F1191F783A017BE /* DictationTranscript.swift */; };
		41914FF917F724684BEC9C63 /* CompletionSuggestion.swift in Sources */ = {isa = PBXBuildFile; fileRef = 1D0AB218FB7BADF6CAEF6B8F /* CompletionSuggestion.swift */; };
		4768489DE1E184532A849748 /* AudioCaptureSession.swift in Sources */ = {isa = PBXBuildFile; fileRef = BEDB8CD2004259D17AD8EDE0 /* AudioCaptureSession.swift */; };
		4B6DB5ACBB23AC928DDDB016 /* MemoryStore.swift in Sources */ = {isa = PBXBuildFile; fileRef = 58E6C20DF432D64F2F13667E /* MemoryStore.swift */; };
		5B340C3E24DC446F2F66D44B /* LaunchAtLogin.swift in Sources */ = {isa = PBXBuildFile; fileRef = 4D9BCFBC0124DE5BFC984F9B /* LaunchAtLogin.swift */; };
		5EA288AFDEC4DF848D477C2C /* DictationController.swift in Sources */ = {isa = PBXBuildFile; fileRef = 62D5EF1923E98903D6EB89F0 /* DictationController.swift */; };
		62922D2981C1AFC89F3A482B /* RewriteProviderChoice.swift in Sources */ = {isa = PBXBuildFile; fileRef = F215BC8542AD42C8DB487C56 /* RewriteProviderChoice.swift */; };
		67EEE378DDE1C1D153D99859 /* DictationView.swift in Sources */ = {isa = PBXBuildFile; fileRef = C37C336578939DBF15338E58 /* DictationView.swift */; };
		69F62166610236DFADE61CB7 /* PromptComposerTests.swift in Sources */ = {isa = PBXBuildFile; fileRef = 843C34D84CE63E8F8E340478 /* PromptComposerTests.swift */; };
		6CCBC9B8CF67E3B9EDA71E0A /* AutocompleteView.swift in Sources */ = {isa = PBXBuildFile; fileRef = C5B925D39328FF1DDB075100 /* AutocompleteView.swift */; };
		6E3CE6CACFF1DF263567A4C2 /* OpenAIChatModel.swift in Sources */ = {isa = PBXBuildFile; fileRef = D5FB870E83B6068C6515B666 /* OpenAIChatModel.swift */; };
		6E6AB46C18D6EEBD54264722 /* RewriteViewModel.swift in Sources */ = {isa = PBXBuildFile; fileRef = A8B64358056D8C5B7E2A799F /* RewriteViewModel.swift */; };
		7083C89E519897D9ABC1BB06 /* MainWindowView.swift in Sources */ = {isa = PBXBuildFile; fileRef = B0E54C998C2C48588B6FDB22 /* MainWindowView.swift */; };
		71A2B3C4D5E6F708192A3B4C /* ClipboardRewriteController.swift in Sources */ = {isa = PBXBuildFile; fileRef = 81A2B3C4D5E6F708192A3B4D /* ClipboardRewriteController.swift */; };
		72A2B3C4D5E6F708192A3B4C /* GlobalHotkey.swift in Sources */ = {isa = PBXBuildFile; fileRef = 82A2B3C4D5E6F708192A3B4D /* GlobalHotkey.swift */; };
		73A2B3C4D5E6F708192A3B4C /* HUDWindowController.swift in Sources */ = {isa = PBXBuildFile; fileRef = 83A2B3C4D5E6F708192A3B4D /* HUDWindowController.swift */; };
		74A2B3C4D5E6F708192A3B4C /* WordDiffer.swift in Sources */ = {isa = PBXBuildFile; fileRef = 84A2B3C4D5E6F708192A3B4D /* WordDiffer.swift */; };
		75A2B3C4D5E6F708192A3B4C /* RewriteHUDView.swift in Sources */ = {isa = PBXBuildFile; fileRef = 85A2B3C4D5E6F708192A3B4D /* RewriteHUDView.swift */; };
		76A2B3C4D5E6F708192A3B4C /* WordDifferTests.swift in Sources */ = {isa = PBXBuildFile; fileRef = 86A2B3C4D5E6F708192A3B4D /* WordDifferTests.swift */; };
		77A2B3C4D5E6F708192A3B4C /* PasteboardAccess.swift in Sources */ = {isa = PBXBuildFile; fileRef = 87A2B3C4D5E6F708192A3B4D /* PasteboardAccess.swift */; };
		78A2B3C4D5E6F708192A3B4C /* HotkeyDebouncer.swift in Sources */ = {isa = PBXBuildFile; fileRef = 88A2B3C4D5E6F708192A3B4D /* HotkeyDebouncer.swift */; };
		79A2B3C4D5E6F708192A3B4C /* InputMonitoringHotkey.swift in Sources */ = {isa = PBXBuildFile; fileRef = 89A2B3C4D5E6F708192A3B4D /* InputMonitoringHotkey.swift */; };
		7AA2B3C4D5E6F708192A3B4C /* ClipboardHotkeyManager.swift in Sources */ = {isa = PBXBuildFile; fileRef = 8AA2B3C4D5E6F708192A3B4D /* ClipboardHotkeyManager.swift */; };
		7BA2B3C4D5E6F708192A3B4C /* HUDPanel.swift in Sources */ = {isa = PBXBuildFile; fileRef = 8BA2B3C4D5E6F708192A3B4D /* HUDPanel.swift */; };
		7CA2B3C4D5E6F708192A3B4C /* HotkeyDebouncerTests.swift in Sources */ = {isa = PBXBuildFile; fileRef = 8CA2B3C4D5E6F708192A3B4D /* HotkeyDebouncerTests.swift */; };
		7DA2B3C4D5E6F708192A3B4C /* HotkeyStatusTests.swift in Sources */ = {isa = PBXBuildFile; fileRef = 8DA2B3C4D5E6F708192A3B4D /* HotkeyStatusTests.swift */; };
		75F502AF8A88D95580903395 /* DictationProviderChoice.swift in Sources */ = {isa = PBXBuildFile; fileRef = D708FC0044E4507942DDC38A /* DictationProviderChoice.swift */; };
		76FEB5C8378BF563A256C16C /* ComparisonRunner.swift in Sources */ = {isa = PBXBuildFile; fileRef = F9F23B7A067871F97D7268FF /* ComparisonRunner.swift */; };
		7704471C3C3C546DDFD282B8 /* AppleFileTranscriber.swift in Sources */ = {isa = PBXBuildFile; fileRef = 96D0AB5FFF24D18E311FE004 /* AppleFileTranscriber.swift */; };
		778312DDCBDD1EA4640F2CDF /* AccessibilityPermission.swift in Sources */ = {isa = PBXBuildFile; fileRef = 6F0A59B42D5B91815E16F709 /* AccessibilityPermission.swift */; };
		7CC09ECF4A78D00895CFBEF0 /* ScreenContextKeywordsTests.swift in Sources */ = {isa = PBXBuildFile; fileRef = B6907892401FECE1D2C27E3A /* ScreenContextKeywordsTests.swift */; };
		7D631D252AD9C229A120960F /* OpenAIFileTranscriber.swift in Sources */ = {isa = PBXBuildFile; fileRef = A4342558040D982B38655859 /* OpenAIFileTranscriber.swift */; };
		865C01BF3F3FE64FFFD248A9 /* RewriteEngineError.swift in Sources */ = {isa = PBXBuildFile; fileRef = BB7DA4F5EDC2571D3729FBE5 /* RewriteEngineError.swift */; };
		8949A13DA0AC2F5CEE29FB9D /* AudioSampleRecorder.swift in Sources */ = {isa = PBXBuildFile; fileRef = F44E1AC2ED9E083AF374E7D4 /* AudioSampleRecorder.swift */; };
		89A5F2F9A291EF524A36DF35 /* RecipeChainTests.swift in Sources */ = {isa = PBXBuildFile; fileRef = 2BB64C65CAEC81178C3DB494 /* RecipeChainTests.swift */; };
		8E286D9E3E60B396BBF50FD4 /* SuggestionOverlayController.swift in Sources */ = {isa = PBXBuildFile; fileRef = A82390548DA0CB0B4477CC1B /* SuggestionOverlayController.swift */; };
		8EF7C01C70286BB142FB3038 /* RewritePlaygroundView.swift in Sources */ = {isa = PBXBuildFile; fileRef = 982A458659DDEE62AFE4AC0A /* RewritePlaygroundView.swift */; };
		93D84D234CFEC49109C6429F /* PCM16Audio.swift in Sources */ = {isa = PBXBuildFile; fileRef = A5978A44305943F428B0AE30 /* PCM16Audio.swift */; };
		99D0F7A5C6700742105C214A /* CleanupProviderChoice.swift in Sources */ = {isa = PBXBuildFile; fileRef = 1CC18F58794FE0FC213D7D1D /* CleanupProviderChoice.swift */; };
		A053CB2DCF183D2940C5570D /* AutocompleteCoordinator.swift in Sources */ = {isa = PBXBuildFile; fileRef = 043A7BDDAE8BD0E963BB2531 /* AutocompleteCoordinator.swift */; };
		A0D94E3975064CA634A0059D /* AdvancedSettingsView.swift in Sources */ = {isa = PBXBuildFile; fileRef = 2C84502B6C3F6031C5831379 /* AdvancedSettingsView.swift */; };
		A0F0C04066A8ACDAC87ED194 /* GlobalShortcut.swift in Sources */ = {isa = PBXBuildFile; fileRef = DEF1B27E1BCFE63B6303A1B2 /* GlobalShortcut.swift */; };
		A4043EADE9E971FEC938C544 /* MicrophonePermission.swift in Sources */ = {isa = PBXBuildFile; fileRef = F318C646B39F6E38EB347FC2 /* MicrophonePermission.swift */; };
		A4FF0BA731ECFDD5952F48EC /* AppDelegate.swift in Sources */ = {isa = PBXBuildFile; fileRef = 16520930043B1C5E4A395054 /* AppDelegate.swift */; };
		AB194F6BFE3DBC1537FFFBC9 /* RewriteActionCard.swift in Sources */ = {isa = PBXBuildFile; fileRef = DF9967F14C34E51A4B702E54 /* RewriteActionCard.swift */; };
		AD17B55636BE1730E927E693 /* AXFocus.swift in Sources */ = {isa = PBXBuildFile; fileRef = 3AD52BC9ABD952DA9072C0C6 /* AXFocus.swift */; };
		AD3BBDA301FA51A98FB7A680 /* ProviderMenu.swift in Sources */ = {isa = PBXBuildFile; fileRef = 2EB7984E93B6B798BE99F3E9 /* ProviderMenu.swift */; };
		B242A97AF1099CBD28F8F33C /* PromptComposer.swift in Sources */ = {isa = PBXBuildFile; fileRef = 5AB40D680100BFA48F17735C /* PromptComposer.swift */; };
		B67922695D2ABCD290EAD8B9 /* DebugLog.swift in Sources */ = {isa = PBXBuildFile; fileRef = EC1E797D252F9B495D85527A /* DebugLog.swift */; };
		B8716755FCF7EE9C5E3F61E3 /* ShortcutRecorderView.swift in Sources */ = {isa = PBXBuildFile; fileRef = 2E033149EBE02D29FD338F0B /* ShortcutRecorderView.swift */; };
		C253E8AB6B75092830790FEF /* ScreenContextProvider.swift in Sources */ = {isa = PBXBuildFile; fileRef = F4D3C5328BE1725F2ECCE100 /* ScreenContextProvider.swift */; };
		CD41599630FC63D4CDD89F44 /* OpenAITranscriptionTests.swift in Sources */ = {isa = PBXBuildFile; fileRef = 9941B9A81D4322E764533374 /* OpenAITranscriptionTests.swift */; };
		D0C8B0F7835A9E7DB2947D85 /* CleanupComparisonView.swift in Sources */ = {isa = PBXBuildFile; fileRef = C6CC3C6BDA2D1D2355B7705A /* CleanupComparisonView.swift */; };
		D509F4D27678AEE5600FFA12 /* SpeechTranscriptionEngine.swift in Sources */ = {isa = PBXBuildFile; fileRef = FE31A22331E7991AB4E79230 /* SpeechTranscriptionEngine.swift */; };
		DB296F8A1A21AD9D71FE6E61 /* RewriteRunner.swift in Sources */ = {isa = PBXBuildFile; fileRef = 604D0B397733765D80DD509B /* RewriteRunner.swift */; };
		DD21F942C165F6D6F702DA16 /* CompletionSuggestionTests.swift in Sources */ = {isa = PBXBuildFile; fileRef = 2EA39AFE4676E4E7BAC045A3 /* CompletionSuggestionTests.swift */; };
		DD4686356E757E626291B2CE /* KeychainStore.swift in Sources */ = {isa = PBXBuildFile; fileRef = A49394D83999270B0C9CAF7B /* KeychainStore.swift */; };
		DF66AC38A76AF60A54BB1C79 /* DictationTranscriptTests.swift in Sources */ = {isa = PBXBuildFile; fileRef = 7601890E70E015F8A5E6D228 /* DictationTranscriptTests.swift */; };
		E8088DADB6FCB1A025FD48BA /* FocusedFieldTracker.swift in Sources */ = {isa = PBXBuildFile; fileRef = E1C5CEBE845C202418328C02 /* FocusedFieldTracker.swift */; };
		E9E3530F427C2359B3AC6EE4 /* HomeView.swift in Sources */ = {isa = PBXBuildFile; fileRef = 63E89CDD6115DEB5130D383B /* HomeView.swift */; };
		ECB19901D69E9BB1B0B95935 /* SelectionRewriteController.swift in Sources */ = {isa = PBXBuildFile; fileRef = E28D7947C057879856EAC552 /* SelectionRewriteController.swift */; };
		FCB62884762A94F44877D98B /* OpenAIErrorBody.swift in Sources */ = {isa = PBXBuildFile; fileRef = 789D8B763798302D27E31EC2 /* OpenAIErrorBody.swift */; };
/* End PBXBuildFile section */

/* Begin PBXContainerItemProxy section */
		547A17482869228ED920C789 /* PBXContainerItemProxy */ = {
			isa = PBXContainerItemProxy;
			containerPortal = 4D4D158E4258EF4ABCC5306E /* Project object */;
			proxyType = 1;
			remoteGlobalIDString = E6858FFADD8DCE067C1157C5;
			remoteInfo = Rewrite;
		};
/* End PBXContainerItemProxy section */

/* Begin PBXFileReference section */
		043A7BDDAE8BD0E963BB2531 /* AutocompleteCoordinator.swift */ = {isa = PBXFileReference; lastKnownFileType = sourcecode.swift; path = AutocompleteCoordinator.swift; sourceTree = "<group>"; };
		10719583E11EA0F76AB79784 /* DesignSystem.swift */ = {isa = PBXFileReference; lastKnownFileType = sourcecode.swift; path = DesignSystem.swift; sourceTree = "<group>"; };
		16520930043B1C5E4A395054 /* AppDelegate.swift */ = {isa = PBXFileReference; lastKnownFileType = sourcecode.swift; path = AppDelegate.swift; sourceTree = "<group>"; };
		17048874BC6393F1BC959476 /* OllamaEngine.swift */ = {isa = PBXFileReference; lastKnownFileType = sourcecode.swift; path = OllamaEngine.swift; sourceTree = "<group>"; };
		1CC18F58794FE0FC213D7D1D /* CleanupProviderChoice.swift */ = {isa = PBXFileReference; lastKnownFileType = sourcecode.swift; path = CleanupProviderChoice.swift; sourceTree = "<group>"; };
		1D0AB218FB7BADF6CAEF6B8F /* CompletionSuggestion.swift */ = {isa = PBXFileReference; lastKnownFileType = sourcecode.swift; path = CompletionSuggestion.swift; sourceTree = "<group>"; };
		21CFD1DD05571F92114A129E /* RewriteTests.xctest */ = {isa = PBXFileReference; explicitFileType = wrapper.cfbundle; includeInIndex = 0; path = RewriteTests.xctest; sourceTree = BUILT_PRODUCTS_DIR; };
		236F5EE924A508B0459934FD /* Assets.xcassets */ = {isa = PBXFileReference; lastKnownFileType = folder.assetcatalog; path = Assets.xcassets; sourceTree = "<group>"; };
		2988AE8305A3F736D136B9D5 /* AppleIntelligenceEngine.swift */ = {isa = PBXFileReference; lastKnownFileType = sourcecode.swift; path = AppleIntelligenceEngine.swift; sourceTree = "<group>"; };
		2BB64C65CAEC81178C3DB494 /* RecipeChainTests.swift */ = {isa = PBXFileReference; lastKnownFileType = sourcecode.swift; path = RecipeChainTests.swift; sourceTree = "<group>"; };
		2C84502B6C3F6031C5831379 /* AdvancedSettingsView.swift */ = {isa = PBXFileReference; lastKnownFileType = sourcecode.swift; path = AdvancedSettingsView.swift; sourceTree = "<group>"; };
		2E033149EBE02D29FD338F0B /* ShortcutRecorderView.swift */ = {isa = PBXFileReference; lastKnownFileType = sourcecode.swift; path = ShortcutRecorderView.swift; sourceTree = "<group>"; };
		2E056ED0C9105FF210695E4E /* DictationTranscribing.swift */ = {isa = PBXFileReference; lastKnownFileType = sourcecode.swift; path = DictationTranscribing.swift; sourceTree = "<group>"; };
		2EA39AFE4676E4E7BAC045A3 /* CompletionSuggestionTests.swift */ = {isa = PBXFileReference; lastKnownFileType = sourcecode.swift; path = CompletionSuggestionTests.swift; sourceTree = "<group>"; };
		2EB7984E93B6B798BE99F3E9 /* ProviderMenu.swift */ = {isa = PBXFileReference; lastKnownFileType = sourcecode.swift; path = ProviderMenu.swift; sourceTree = "<group>"; };
		3269C366CBF5C6B50F183168 /* SettingsView.swift */ = {isa = PBXFileReference; lastKnownFileType = sourcecode.swift; path = SettingsView.swift; sourceTree = "<group>"; };
		3AD52BC9ABD952DA9072C0C6 /* AXFocus.swift */ = {isa = PBXFileReference; lastKnownFileType = sourcecode.swift; path = AXFocus.swift; sourceTree = "<group>"; };
		4A15D6D629C11040F896E833 /* AccessibilityPrompt.h */ = {isa = PBXFileReference; lastKnownFileType = sourcecode.c.h; path = AccessibilityPrompt.h; sourceTree = "<group>"; };
		4D9BCFBC0124DE5BFC984F9B /* LaunchAtLogin.swift */ = {isa = PBXFileReference; lastKnownFileType = sourcecode.swift; path = LaunchAtLogin.swift; sourceTree = "<group>"; };
		51773EB1D1BAE94ABBFE1589 /* StyleProfileStoreTests.swift */ = {isa = PBXFileReference; lastKnownFileType = sourcecode.swift; path = StyleProfileStoreTests.swift; sourceTree = "<group>"; };
		58E6C20DF432D64F2F13667E /* MemoryStore.swift */ = {isa = PBXFileReference; lastKnownFileType = sourcecode.swift; path = MemoryStore.swift; sourceTree = "<group>"; };
		5AB40D680100BFA48F17735C /* PromptComposer.swift */ = {isa = PBXFileReference; lastKnownFileType = sourcecode.swift; path = PromptComposer.swift; sourceTree = "<group>"; };
		604D0B397733765D80DD509B /* RewriteRunner.swift */ = {isa = PBXFileReference; lastKnownFileType = sourcecode.swift; path = RewriteRunner.swift; sourceTree = "<group>"; };
		62D5EF1923E98903D6EB89F0 /* DictationController.swift */ = {isa = PBXFileReference; lastKnownFileType = sourcecode.swift; path = DictationController.swift; sourceTree = "<group>"; };
		63AC5D808DAFEA53BF5D64D6 /* OpenAIKey.swift */ = {isa = PBXFileReference; lastKnownFileType = sourcecode.swift; path = OpenAIKey.swift; sourceTree = "<group>"; };
		63E89CDD6115DEB5130D383B /* HomeView.swift */ = {isa = PBXFileReference; lastKnownFileType = sourcecode.swift; path = HomeView.swift; sourceTree = "<group>"; };
		6F0A59B42D5B91815E16F709 /* AccessibilityPermission.swift */ = {isa = PBXFileReference; lastKnownFileType = sourcecode.swift; path = AccessibilityPermission.swift; sourceTree = "<group>"; };
		74DC182BC552BECB0F002C3A /* MemoryStoreTests.swift */ = {isa = PBXFileReference; lastKnownFileType = sourcecode.swift; path = MemoryStoreTests.swift; sourceTree = "<group>"; };
		7601890E70E015F8A5E6D228 /* DictationTranscriptTests.swift */ = {isa = PBXFileReference; lastKnownFileType = sourcecode.swift; path = DictationTranscriptTests.swift; sourceTree = "<group>"; };
		789D8B763798302D27E31EC2 /* OpenAIErrorBody.swift */ = {isa = PBXFileReference; lastKnownFileType = sourcecode.swift; path = OpenAIErrorBody.swift; sourceTree = "<group>"; };
		7D746E21454C431022C5C8F9 /* RewriteServiceProvider.swift */ = {isa = PBXFileReference; lastKnownFileType = sourcecode.swift; path = RewriteServiceProvider.swift; sourceTree = "<group>"; };
		843C34D84CE63E8F8E340478 /* PromptComposerTests.swift */ = {isa = PBXFileReference; lastKnownFileType = sourcecode.swift; path = PromptComposerTests.swift; sourceTree = "<group>"; };
		81A2B3C4D5E6F708192A3B4D /* ClipboardRewriteController.swift */ = {isa = PBXFileReference; lastKnownFileType = sourcecode.swift; path = ClipboardRewriteController.swift; sourceTree = "<group>"; };
		82A2B3C4D5E6F708192A3B4D /* GlobalHotkey.swift */ = {isa = PBXFileReference; lastKnownFileType = sourcecode.swift; path = GlobalHotkey.swift; sourceTree = "<group>"; };
		83A2B3C4D5E6F708192A3B4D /* HUDWindowController.swift */ = {isa = PBXFileReference; lastKnownFileType = sourcecode.swift; path = HUDWindowController.swift; sourceTree = "<group>"; };
		84A2B3C4D5E6F708192A3B4D /* WordDiffer.swift */ = {isa = PBXFileReference; lastKnownFileType = sourcecode.swift; path = WordDiffer.swift; sourceTree = "<group>"; };
		85A2B3C4D5E6F708192A3B4D /* RewriteHUDView.swift */ = {isa = PBXFileReference; lastKnownFileType = sourcecode.swift; path = RewriteHUDView.swift; sourceTree = "<group>"; };
		86A2B3C4D5E6F708192A3B4D /* WordDifferTests.swift */ = {isa = PBXFileReference; lastKnownFileType = sourcecode.swift; path = WordDifferTests.swift; sourceTree = "<group>"; };
		87A2B3C4D5E6F708192A3B4D /* PasteboardAccess.swift */ = {isa = PBXFileReference; lastKnownFileType = sourcecode.swift; path = PasteboardAccess.swift; sourceTree = "<group>"; };
		88A2B3C4D5E6F708192A3B4D /* HotkeyDebouncer.swift */ = {isa = PBXFileReference; lastKnownFileType = sourcecode.swift; path = HotkeyDebouncer.swift; sourceTree = "<group>"; };
		89A2B3C4D5E6F708192A3B4D /* InputMonitoringHotkey.swift */ = {isa = PBXFileReference; lastKnownFileType = sourcecode.swift; path = InputMonitoringHotkey.swift; sourceTree = "<group>"; };
		8AA2B3C4D5E6F708192A3B4D /* ClipboardHotkeyManager.swift */ = {isa = PBXFileReference; lastKnownFileType = sourcecode.swift; path = ClipboardHotkeyManager.swift; sourceTree = "<group>"; };
		8BA2B3C4D5E6F708192A3B4D /* HUDPanel.swift */ = {isa = PBXFileReference; lastKnownFileType = sourcecode.swift; path = HUDPanel.swift; sourceTree = "<group>"; };
		8CA2B3C4D5E6F708192A3B4D /* HotkeyDebouncerTests.swift */ = {isa = PBXFileReference; lastKnownFileType = sourcecode.swift; path = HotkeyDebouncerTests.swift; sourceTree = "<group>"; };
		8DA2B3C4D5E6F708192A3B4D /* HotkeyStatusTests.swift */ = {isa = PBXFileReference; lastKnownFileType = sourcecode.swift; path = HotkeyStatusTests.swift; sourceTree = "<group>"; };
		89E9DABF7A19E947CDA88014 /* OpenAIChatEngine.swift */ = {isa = PBXFileReference; lastKnownFileType = sourcecode.swift; path = OpenAIChatEngine.swift; sourceTree = "<group>"; };
		94A51090FDFD597519BB3660 /* OpenAITranscriptionEngine.swift */ = {isa = PBXFileReference; lastKnownFileType = sourcecode.swift; path = OpenAITranscriptionEngine.swift; sourceTree = "<group>"; };
		96D0AB5FFF24D18E311FE004 /* AppleFileTranscriber.swift */ = {isa = PBXFileReference; lastKnownFileType = sourcecode.swift; path = AppleFileTranscriber.swift; sourceTree = "<group>"; };
		982A458659DDEE62AFE4AC0A /* RewritePlaygroundView.swift */ = {isa = PBXFileReference; lastKnownFileType = sourcecode.swift; path = RewritePlaygroundView.swift; sourceTree = "<group>"; };
		9941B9A81D4322E764533374 /* OpenAITranscriptionTests.swift */ = {isa = PBXFileReference; lastKnownFileType = sourcecode.swift; path = OpenAITranscriptionTests.swift; sourceTree = "<group>"; };
		9AC0CC83363DAFFB195B1A31 /* Preferences.swift */ = {isa = PBXFileReference; lastKnownFileType = sourcecode.swift; path = Preferences.swift; sourceTree = "<group>"; };
		9EE8EB042F0BD8A68637063C /* RewriteApp.swift */ = {isa = PBXFileReference; lastKnownFileType = sourcecode.swift; path = RewriteApp.swift; sourceTree = "<group>"; };
		A2BB33840ADD98B14288917A /* StyleProfileStore.swift */ = {isa = PBXFileReference; lastKnownFileType = sourcecode.swift; path = StyleProfileStore.swift; sourceTree = "<group>"; };
		A4342558040D982B38655859 /* OpenAIFileTranscriber.swift */ = {isa = PBXFileReference; lastKnownFileType = sourcecode.swift; path = OpenAIFileTranscriber.swift; sourceTree = "<group>"; };
		A49394D83999270B0C9CAF7B /* KeychainStore.swift */ = {isa = PBXFileReference; lastKnownFileType = sourcecode.swift; path = KeychainStore.swift; sourceTree = "<group>"; };
		A5978A44305943F428B0AE30 /* PCM16Audio.swift */ = {isa = PBXFileReference; lastKnownFileType = sourcecode.swift; path = PCM16Audio.swift; sourceTree = "<group>"; };
		A82390548DA0CB0B4477CC1B /* SuggestionOverlayController.swift */ = {isa = PBXFileReference; lastKnownFileType = sourcecode.swift; path = SuggestionOverlayController.swift; sourceTree = "<group>"; };
		A8B64358056D8C5B7E2A799F /* RewriteViewModel.swift */ = {isa = PBXFileReference; lastKnownFileType = sourcecode.swift; path = RewriteViewModel.swift; sourceTree = "<group>"; };
		B0E54C998C2C48588B6FDB22 /* MainWindowView.swift */ = {isa = PBXFileReference; lastKnownFileType = sourcecode.swift; path = MainWindowView.swift; sourceTree = "<group>"; };
		B6907892401FECE1D2C27E3A /* ScreenContextKeywordsTests.swift */ = {isa = PBXFileReference; lastKnownFileType = sourcecode.swift; path = ScreenContextKeywordsTests.swift; sourceTree = "<group>"; };
		B6E6AD3BA3F134148CFAFC0E /* Rewrite.app */ = {isa = PBXFileReference; explicitFileType = wrapper.application; includeInIndex = 0; path = Rewrite.app; sourceTree = BUILT_PRODUCTS_DIR; };
		BB7DA4F5EDC2571D3729FBE5 /* RewriteEngineError.swift */ = {isa = PBXFileReference; lastKnownFileType = sourcecode.swift; path = RewriteEngineError.swift; sourceTree = "<group>"; };
		BEDB8CD2004259D17AD8EDE0 /* AudioCaptureSession.swift */ = {isa = PBXFileReference; lastKnownFileType = sourcecode.swift; path = AudioCaptureSession.swift; sourceTree = "<group>"; };
		BFF3D92D1C90BF3C4E392242 /* HotkeyManager.swift */ = {isa = PBXFileReference; lastKnownFileType = sourcecode.swift; path = HotkeyManager.swift; sourceTree = "<group>"; };
		C1DDBFE966E597DAD153C0CD /* AccessibilityPrompt.m */ = {isa = PBXFileReference; lastKnownFileType = sourcecode.c.objc; path = AccessibilityPrompt.m; sourceTree = "<group>"; };
		C37C336578939DBF15338E58 /* DictationView.swift */ = {isa = PBXFileReference; lastKnownFileType = sourcecode.swift; path = DictationView.swift; sourceTree = "<group>"; };
		C5B925D39328FF1DDB075100 /* AutocompleteView.swift */ = {isa = PBXFileReference; lastKnownFileType = sourcecode.swift; path = AutocompleteView.swift; sourceTree = "<group>"; };
		C6CC3C6BDA2D1D2355B7705A /* CleanupComparisonView.swift */ = {isa = PBXFileReference; lastKnownFileType = sourcecode.swift; path = CleanupComparisonView.swift; sourceTree = "<group>"; };
		CB2F42B16C8690F68D6B54B2 /* AnywhereCard.swift */ = {isa = PBXFileReference; lastKnownFileType = sourcecode.swift; path = AnywhereCard.swift; sourceTree = "<group>"; };
		CCB0464FD3DA298DB022AB87 /* ProviderStatus.swift */ = {isa = PBXFileReference; lastKnownFileType = sourcecode.swift; path = ProviderStatus.swift; sourceTree = "<group>"; };
		D134AA659ADA703F9F6D7BA1 /* AXTextInsertion.swift */ = {isa = PBXFileReference; lastKnownFileType = sourcecode.swift; path = AXTextInsertion.swift; sourceTree = "<group>"; };
		D5FB870E83B6068C6515B666 /* OpenAIChatModel.swift */ = {isa = PBXFileReference; lastKnownFileType = sourcecode.swift; path = OpenAIChatModel.swift; sourceTree = "<group>"; };
		D708FC0044E4507942DDC38A /* DictationProviderChoice.swift */ = {isa = PBXFileReference; lastKnownFileType = sourcecode.swift; path = DictationProviderChoice.swift; sourceTree = "<group>"; };
		D9C569F9FB551F99E5DBF433 /* RewriteIntent.swift */ = {isa = PBXFileReference; lastKnownFileType = sourcecode.swift; path = RewriteIntent.swift; sourceTree = "<group>"; };
		DEF1B27E1BCFE63B6303A1B2 /* GlobalShortcut.swift */ = {isa = PBXFileReference; lastKnownFileType = sourcecode.swift; path = GlobalShortcut.swift; sourceTree = "<group>"; };
		DF9967F14C34E51A4B702E54 /* RewriteActionCard.swift */ = {isa = PBXFileReference; lastKnownFileType = sourcecode.swift; path = RewriteActionCard.swift; sourceTree = "<group>"; };
		E1C5CEBE845C202418328C02 /* FocusedFieldTracker.swift */ = {isa = PBXFileReference; lastKnownFileType = sourcecode.swift; path = FocusedFieldTracker.swift; sourceTree = "<group>"; };
		E28D7947C057879856EAC552 /* SelectionRewriteController.swift */ = {isa = PBXFileReference; lastKnownFileType = sourcecode.swift; path = SelectionRewriteController.swift; sourceTree = "<group>"; };
		EC1E797D252F9B495D85527A /* DebugLog.swift */ = {isa = PBXFileReference; lastKnownFileType = sourcecode.swift; path = DebugLog.swift; sourceTree = "<group>"; };
		EF7AD9993F1191F783A017BE /* DictationTranscript.swift */ = {isa = PBXFileReference; lastKnownFileType = sourcecode.swift; path = DictationTranscript.swift; sourceTree = "<group>"; };
		F1F9C7B0619BCA169F7DCD57 /* AccessibilityPrompt-Bridging-Header.h */ = {isa = PBXFileReference; lastKnownFileType = sourcecode.c.h; path = "AccessibilityPrompt-Bridging-Header.h"; sourceTree = "<group>"; };
		F215BC8542AD42C8DB487C56 /* RewriteProviderChoice.swift */ = {isa = PBXFileReference; lastKnownFileType = sourcecode.swift; path = RewriteProviderChoice.swift; sourceTree = "<group>"; };
		F318C646B39F6E38EB347FC2 /* MicrophonePermission.swift */ = {isa = PBXFileReference; lastKnownFileType = sourcecode.swift; path = MicrophonePermission.swift; sourceTree = "<group>"; };
		F44E1AC2ED9E083AF374E7D4 /* AudioSampleRecorder.swift */ = {isa = PBXFileReference; lastKnownFileType = sourcecode.swift; path = AudioSampleRecorder.swift; sourceTree = "<group>"; };
		F4D3C5328BE1725F2ECCE100 /* ScreenContextProvider.swift */ = {isa = PBXFileReference; lastKnownFileType = sourcecode.swift; path = ScreenContextProvider.swift; sourceTree = "<group>"; };
		F9F23B7A067871F97D7268FF /* ComparisonRunner.swift */ = {isa = PBXFileReference; lastKnownFileType = sourcecode.swift; path = ComparisonRunner.swift; sourceTree = "<group>"; };
		FE31A22331E7991AB4E79230 /* SpeechTranscriptionEngine.swift */ = {isa = PBXFileReference; lastKnownFileType = sourcecode.swift; path = SpeechTranscriptionEngine.swift; sourceTree = "<group>"; };
/* End PBXFileReference section */

/* Begin PBXGroup section */
		4D147024AA574C43193FFAC2 /* Services */ = {
			isa = PBXGroup;
			children = (
				3AD52BC9ABD952DA9072C0C6 /* AXFocus.swift */,
				D134AA659ADA703F9F6D7BA1 /* AXTextInsertion.swift */,
				81A2B3C4D5E6F708192A3B4D /* ClipboardRewriteController.swift */,
				8AA2B3C4D5E6F708192A3B4D /* ClipboardHotkeyManager.swift */,
				EC1E797D252F9B495D85527A /* DebugLog.swift */,
				82A2B3C4D5E6F708192A3B4D /* GlobalHotkey.swift */,
				83A2B3C4D5E6F708192A3B4D /* HUDWindowController.swift */,
				88A2B3C4D5E6F708192A3B4D /* HotkeyDebouncer.swift */,
				89A2B3C4D5E6F708192A3B4D /* InputMonitoringHotkey.swift */,
				A49394D83999270B0C9CAF7B /* KeychainStore.swift */,
				4D9BCFBC0124DE5BFC984F9B /* LaunchAtLogin.swift */,
				789D8B763798302D27E31EC2 /* OpenAIErrorBody.swift */,
				63AC5D808DAFEA53BF5D64D6 /* OpenAIKey.swift */,
				87A2B3C4D5E6F708192A3B4D /* PasteboardAccess.swift */,
				9AC0CC83363DAFFB195B1A31 /* Preferences.swift */,
				5AB40D680100BFA48F17735C /* PromptComposer.swift */,
				7D746E21454C431022C5C8F9 /* RewriteServiceProvider.swift */,
				A8B64358056D8C5B7E2A799F /* RewriteViewModel.swift */,
				84A2B3C4D5E6F708192A3B4D /* WordDiffer.swift */,
			);
			path = Services;
			sourceTree = "<group>";
		};
		6645D44D2BD08F38020A37F2 /* RewriteTests */ = {
			isa = PBXGroup;
			children = (
				2EA39AFE4676E4E7BAC045A3 /* CompletionSuggestionTests.swift */,
				7601890E70E015F8A5E6D228 /* DictationTranscriptTests.swift */,
				74DC182BC552BECB0F002C3A /* MemoryStoreTests.swift */,
				9941B9A81D4322E764533374 /* OpenAITranscriptionTests.swift */,
				843C34D84CE63E8F8E340478 /* PromptComposerTests.swift */,
				2BB64C65CAEC81178C3DB494 /* RecipeChainTests.swift */,
				B6907892401FECE1D2C27E3A /* ScreenContextKeywordsTests.swift */,
				51773EB1D1BAE94ABBFE1589 /* StyleProfileStoreTests.swift */,
				8CA2B3C4D5E6F708192A3B4D /* HotkeyDebouncerTests.swift */,
				8DA2B3C4D5E6F708192A3B4D /* HotkeyStatusTests.swift */,
				86A2B3C4D5E6F708192A3B4D /* WordDifferTests.swift */,
			);
			path = RewriteTests;
			sourceTree = "<group>";
		};
		6D1FC5BA2F5E6A01978DE84A /* Dictation */ = {
			isa = PBXGroup;
			children = (
				96D0AB5FFF24D18E311FE004 /* AppleFileTranscriber.swift */,
				BEDB8CD2004259D17AD8EDE0 /* AudioCaptureSession.swift */,
				F44E1AC2ED9E083AF374E7D4 /* AudioSampleRecorder.swift */,
				F9F23B7A067871F97D7268FF /* ComparisonRunner.swift */,
				62D5EF1923E98903D6EB89F0 /* DictationController.swift */,
				2E056ED0C9105FF210695E4E /* DictationTranscribing.swift */,
				EF7AD9993F1191F783A017BE /* DictationTranscript.swift */,
				F318C646B39F6E38EB347FC2 /* MicrophonePermission.swift */,
				A4342558040D982B38655859 /* OpenAIFileTranscriber.swift */,
				94A51090FDFD597519BB3660 /* OpenAITranscriptionEngine.swift */,
				A5978A44305943F428B0AE30 /* PCM16Audio.swift */,
				FE31A22331E7991AB4E79230 /* SpeechTranscriptionEngine.swift */,
			);
			path = Dictation;
			sourceTree = "<group>";
		};
		72156DD65531398F51C8EAEE = {
			isa = PBXGroup;
			children = (
				B316854461870815E1278BEE /* Rewrite */,
				6645D44D2BD08F38020A37F2 /* RewriteTests */,
				DAEE7628C376BF0219030A79 /* Products */,
			);
			sourceTree = "<group>";
		};
		8CA62C3C33E30CB356EA66F9 /* Models */ = {
			isa = PBXGroup;
			children = (
				1CC18F58794FE0FC213D7D1D /* CleanupProviderChoice.swift */,
				D708FC0044E4507942DDC38A /* DictationProviderChoice.swift */,
				D5FB870E83B6068C6515B666 /* OpenAIChatModel.swift */,
				CCB0464FD3DA298DB022AB87 /* ProviderStatus.swift */,
				D9C569F9FB551F99E5DBF433 /* RewriteIntent.swift */,
				F215BC8542AD42C8DB487C56 /* RewriteProviderChoice.swift */,
			);
			path = Models;
			sourceTree = "<group>";
		};
		9CDE78A8CF5FFDF08E976A33 /* Autocomplete */ = {
			isa = PBXGroup;
			children = (
				6F0A59B42D5B91815E16F709 /* AccessibilityPermission.swift */,
				F1F9C7B0619BCA169F7DCD57 /* AccessibilityPrompt-Bridging-Header.h */,
				4A15D6D629C11040F896E833 /* AccessibilityPrompt.h */,
				C1DDBFE966E597DAD153C0CD /* AccessibilityPrompt.m */,
				043A7BDDAE8BD0E963BB2531 /* AutocompleteCoordinator.swift */,
				1D0AB218FB7BADF6CAEF6B8F /* CompletionSuggestion.swift */,
				E1C5CEBE845C202418328C02 /* FocusedFieldTracker.swift */,
				58E6C20DF432D64F2F13667E /* MemoryStore.swift */,
				F4D3C5328BE1725F2ECCE100 /* ScreenContextProvider.swift */,
				A2BB33840ADD98B14288917A /* StyleProfileStore.swift */,
				A82390548DA0CB0B4477CC1B /* SuggestionOverlayController.swift */,
			);
			path = Autocomplete;
			sourceTree = "<group>";
		};
		B1BBB07A4B708176DAE02962 /* Resources */ = {
			isa = PBXGroup;
			children = (
				236F5EE924A508B0459934FD /* Assets.xcassets */,
			);
			path = Resources;
			sourceTree = "<group>";
		};
		B316854461870815E1278BEE /* Rewrite */ = {
			isa = PBXGroup;
			children = (
				EAE19BE89966FA5A3AF64B8D /* App */,
				9CDE78A8CF5FFDF08E976A33 /* Autocomplete */,
				6D1FC5BA2F5E6A01978DE84A /* Dictation */,
				DA4F69A0E956F66D401ED650 /* Hotkey */,
				8CA62C3C33E30CB356EA66F9 /* Models */,
				D3C1EB69C189166D62ED85C3 /* Providers */,
				B1BBB07A4B708176DAE02962 /* Resources */,
				4D147024AA574C43193FFAC2 /* Services */,
				F727C5F1E1009991A65D2F10 /* Views */,
			);
			path = Rewrite;
			sourceTree = "<group>";
		};
		D3C1EB69C189166D62ED85C3 /* Providers */ = {
			isa = PBXGroup;
			children = (
				2988AE8305A3F736D136B9D5 /* AppleIntelligenceEngine.swift */,
				17048874BC6393F1BC959476 /* OllamaEngine.swift */,
				89E9DABF7A19E947CDA88014 /* OpenAIChatEngine.swift */,
				BB7DA4F5EDC2571D3729FBE5 /* RewriteEngineError.swift */,
				604D0B397733765D80DD509B /* RewriteRunner.swift */,
			);
			path = Providers;
			sourceTree = "<group>";
		};
		DA4F69A0E956F66D401ED650 /* Hotkey */ = {
			isa = PBXGroup;
			children = (
				DEF1B27E1BCFE63B6303A1B2 /* GlobalShortcut.swift */,
				BFF3D92D1C90BF3C4E392242 /* HotkeyManager.swift */,
				E28D7947C057879856EAC552 /* SelectionRewriteController.swift */,
			);
			path = Hotkey;
			sourceTree = "<group>";
		};
		DAEE7628C376BF0219030A79 /* Products */ = {
			isa = PBXGroup;
			children = (
				B6E6AD3BA3F134148CFAFC0E /* Rewrite.app */,
				21CFD1DD05571F92114A129E /* RewriteTests.xctest */,
			);
			name = Products;
			sourceTree = "<group>";
		};
		EAE19BE89966FA5A3AF64B8D /* App */ = {
			isa = PBXGroup;
			children = (
				16520930043B1C5E4A395054 /* AppDelegate.swift */,
				9EE8EB042F0BD8A68637063C /* RewriteApp.swift */,
			);
			path = App;
			sourceTree = "<group>";
		};
		F727C5F1E1009991A65D2F10 /* Views */ = {
			isa = PBXGroup;
			children = (
				2C84502B6C3F6031C5831379 /* AdvancedSettingsView.swift */,
				CB2F42B16C8690F68D6B54B2 /* AnywhereCard.swift */,
				C5B925D39328FF1DDB075100 /* AutocompleteView.swift */,
				C6CC3C6BDA2D1D2355B7705A /* CleanupComparisonView.swift */,
				10719583E11EA0F76AB79784 /* DesignSystem.swift */,
				C37C336578939DBF15338E58 /* DictationView.swift */,
				63E89CDD6115DEB5130D383B /* HomeView.swift */,
				8BA2B3C4D5E6F708192A3B4D /* HUDPanel.swift */,
				B0E54C998C2C48588B6FDB22 /* MainWindowView.swift */,
				2EB7984E93B6B798BE99F3E9 /* ProviderMenu.swift */,
				DF9967F14C34E51A4B702E54 /* RewriteActionCard.swift */,
				85A2B3C4D5E6F708192A3B4D /* RewriteHUDView.swift */,
				982A458659DDEE62AFE4AC0A /* RewritePlaygroundView.swift */,
				3269C366CBF5C6B50F183168 /* SettingsView.swift */,
				2E033149EBE02D29FD338F0B /* ShortcutRecorderView.swift */,
			);
			path = Views;
			sourceTree = "<group>";
		};
/* End PBXGroup section */

/* Begin PBXNativeTarget section */
		A5595AD58899D091476CB26C /* RewriteTests */ = {
			isa = PBXNativeTarget;
			buildConfigurationList = 44E6D1EC4DC955B23DE1AEC0 /* Build configuration list for PBXNativeTarget "RewriteTests" */;
			buildPhases = (
				258A588AA897D4223B3F24AC /* Sources */,
			);
			buildRules = (
			);
			dependencies = (
				02CCF03B8E5050C0CB0351B8 /* PBXTargetDependency */,
			);
			name = RewriteTests;
			packageProductDependencies = (
			);
			productName = RewriteTests;
			productReference = 21CFD1DD05571F92114A129E /* RewriteTests.xctest */;
			productType = "com.apple.product-type.bundle.unit-test";
		};
		E6858FFADD8DCE067C1157C5 /* Rewrite */ = {
			isa = PBXNativeTarget;
			buildConfigurationList = 3655CD61B3F58FCC95A32F69 /* Build configuration list for PBXNativeTarget "Rewrite" */;
			buildPhases = (
				02B8A09ECB082CBF96596687 /* Sources */,
				AAA5593621972C0ABB61714F /* Resources */,
			);
			buildRules = (
			);
			dependencies = (
			);
			name = Rewrite;
			packageProductDependencies = (
			);
			productName = Rewrite;
			productReference = B6E6AD3BA3F134148CFAFC0E /* Rewrite.app */;
			productType = "com.apple.product-type.application";
		};
/* End PBXNativeTarget section */

/* Begin PBXProject section */
		4D4D158E4258EF4ABCC5306E /* Project object */ = {
			isa = PBXProject;
			attributes = {
				BuildIndependentTargetsInParallel = YES;
				LastUpgradeCheck = 1430;
				TargetAttributes = {
					A5595AD58899D091476CB26C = {
						ProvisioningStyle = Manual;
					};
					E6858FFADD8DCE067C1157C5 = {
						ProvisioningStyle = Manual;
					};
				};
			};
			buildConfigurationList = E05D471EAB8F6400F14DDC88 /* Build configuration list for PBXProject "Rewrite" */;
			developmentRegion = en;
			hasScannedForEncodings = 0;
			knownRegions = (
				Base,
				en,
			);
			mainGroup = 72156DD65531398F51C8EAEE;
			minimizedProjectReferenceProxies = 1;
			preferredProjectObjectVersion = 77;
			productRefGroup = DAEE7628C376BF0219030A79 /* Products */;
			projectDirPath = "";
			projectRoot = "";
			targets = (
				E6858FFADD8DCE067C1157C5 /* Rewrite */,
				A5595AD58899D091476CB26C /* RewriteTests */,
			);
		};
/* End PBXProject section */

/* Begin PBXResourcesBuildPhase section */
		AAA5593621972C0ABB61714F /* Resources */ = {
			isa = PBXResourcesBuildPhase;
			buildActionMask = 2147483647;
			files = (
				23F9B6986EB46E74BD9F9B04 /* Assets.xcassets in Resources */,
			);
			runOnlyForDeploymentPostprocessing = 0;
		};
/* End PBXResourcesBuildPhase section */

/* Begin PBXSourcesBuildPhase section */
		02B8A09ECB082CBF96596687 /* Sources */ = {
			isa = PBXSourcesBuildPhase;
			buildActionMask = 2147483647;
			files = (
				AD17B55636BE1730E927E693 /* AXFocus.swift in Sources */,
				253095C9CFA6FF89EED75204 /* AXTextInsertion.swift in Sources */,
				778312DDCBDD1EA4640F2CDF /* AccessibilityPermission.swift in Sources */,
				1690C030D0276933A8D48859 /* AccessibilityPrompt.m in Sources */,
				A0D94E3975064CA634A0059D /* AdvancedSettingsView.swift in Sources */,
				208B8B4FD2B3A5D45BFE946B /* AnywhereCard.swift in Sources */,
				A4FF0BA731ECFDD5952F48EC /* AppDelegate.swift in Sources */,
				7704471C3C3C546DDFD282B8 /* AppleFileTranscriber.swift in Sources */,
				177D9B33C7968722A6F75213 /* AppleIntelligenceEngine.swift in Sources */,
				4768489DE1E184532A849748 /* AudioCaptureSession.swift in Sources */,
				8949A13DA0AC2F5CEE29FB9D /* AudioSampleRecorder.swift in Sources */,
				A053CB2DCF183D2940C5570D /* AutocompleteCoordinator.swift in Sources */,
				6CCBC9B8CF67E3B9EDA71E0A /* AutocompleteView.swift in Sources */,
				71A2B3C4D5E6F708192A3B4C /* ClipboardRewriteController.swift in Sources */,
				D0C8B0F7835A9E7DB2947D85 /* CleanupComparisonView.swift in Sources */,
				7AA2B3C4D5E6F708192A3B4C /* ClipboardHotkeyManager.swift in Sources */,
				99D0F7A5C6700742105C214A /* CleanupProviderChoice.swift in Sources */,
				76FEB5C8378BF563A256C16C /* ComparisonRunner.swift in Sources */,
				41914FF917F724684BEC9C63 /* CompletionSuggestion.swift in Sources */,
				B67922695D2ABCD290EAD8B9 /* DebugLog.swift in Sources */,
				1B8E2D391BF0DD60DECFA2CF /* DesignSystem.swift in Sources */,
				5EA288AFDEC4DF848D477C2C /* DictationController.swift in Sources */,
				75F502AF8A88D95580903395 /* DictationProviderChoice.swift in Sources */,
				1938A3858D380E7C46A5DAED /* DictationTranscribing.swift in Sources */,
				3DE36DC702DCD907D2734543 /* DictationTranscript.swift in Sources */,
				67EEE378DDE1C1D153D99859 /* DictationView.swift in Sources */,
				E8088DADB6FCB1A025FD48BA /* FocusedFieldTracker.swift in Sources */,
				72A2B3C4D5E6F708192A3B4C /* GlobalHotkey.swift in Sources */,
				A0F0C04066A8ACDAC87ED194 /* GlobalShortcut.swift in Sources */,
				E9E3530F427C2359B3AC6EE4 /* HomeView.swift in Sources */,
				7BA2B3C4D5E6F708192A3B4C /* HUDPanel.swift in Sources */,
				73A2B3C4D5E6F708192A3B4C /* HUDWindowController.swift in Sources */,
				78A2B3C4D5E6F708192A3B4C /* HotkeyDebouncer.swift in Sources */,
				2E467DD1468CCD8EFFC36C99 /* HotkeyManager.swift in Sources */,
				79A2B3C4D5E6F708192A3B4C /* InputMonitoringHotkey.swift in Sources */,
				DD4686356E757E626291B2CE /* KeychainStore.swift in Sources */,
				5B340C3E24DC446F2F66D44B /* LaunchAtLogin.swift in Sources */,
				7083C89E519897D9ABC1BB06 /* MainWindowView.swift in Sources */,
				4B6DB5ACBB23AC928DDDB016 /* MemoryStore.swift in Sources */,
				A4043EADE9E971FEC938C544 /* MicrophonePermission.swift in Sources */,
				06BB7E1516247937F80A4495 /* OllamaEngine.swift in Sources */,
				0B4D8C85F44B948D3BEE4A4D /* OpenAIChatEngine.swift in Sources */,
				6E3CE6CACFF1DF263567A4C2 /* OpenAIChatModel.swift in Sources */,
				FCB62884762A94F44877D98B /* OpenAIErrorBody.swift in Sources */,
				7D631D252AD9C229A120960F /* OpenAIFileTranscriber.swift in Sources */,
				3C0DC71E63E259048A4E7968 /* OpenAIKey.swift in Sources */,
				08256C2A9C707028323F53E6 /* OpenAITranscriptionEngine.swift in Sources */,
				93D84D234CFEC49109C6429F /* PCM16Audio.swift in Sources */,
				77A2B3C4D5E6F708192A3B4C /* PasteboardAccess.swift in Sources */,
				2B59E99E075A6DF0EBEABE25 /* Preferences.swift in Sources */,
				B242A97AF1099CBD28F8F33C /* PromptComposer.swift in Sources */,
				AD3BBDA301FA51A98FB7A680 /* ProviderMenu.swift in Sources */,
				3D43E4219CB09634C5B02930 /* ProviderStatus.swift in Sources */,
				AB194F6BFE3DBC1537FFFBC9 /* RewriteActionCard.swift in Sources */,
				37DCEFA5C00A1B6159EB20C3 /* RewriteApp.swift in Sources */,
				865C01BF3F3FE64FFFD248A9 /* RewriteEngineError.swift in Sources */,
				75A2B3C4D5E6F708192A3B4C /* RewriteHUDView.swift in Sources */,
				368B8C7139A2985F9E7F6664 /* RewriteIntent.swift in Sources */,
				8EF7C01C70286BB142FB3038 /* RewritePlaygroundView.swift in Sources */,
				62922D2981C1AFC89F3A482B /* RewriteProviderChoice.swift in Sources */,
				DB296F8A1A21AD9D71FE6E61 /* RewriteRunner.swift in Sources */,
				1E7DC9CAB1288EE107DCEE73 /* RewriteServiceProvider.swift in Sources */,
				6E6AB46C18D6EEBD54264722 /* RewriteViewModel.swift in Sources */,
				C253E8AB6B75092830790FEF /* ScreenContextProvider.swift in Sources */,
				ECB19901D69E9BB1B0B95935 /* SelectionRewriteController.swift in Sources */,
				20CBE8C882A6B588B00BB38F /* SettingsView.swift in Sources */,
				B8716755FCF7EE9C5E3F61E3 /* ShortcutRecorderView.swift in Sources */,
				D509F4D27678AEE5600FFA12 /* SpeechTranscriptionEngine.swift in Sources */,
				12E5D4B2D56470DC7CBB026B /* StyleProfileStore.swift in Sources */,
				8E286D9E3E60B396BBF50FD4 /* SuggestionOverlayController.swift in Sources */,
				74A2B3C4D5E6F708192A3B4C /* WordDiffer.swift in Sources */,
			);
			runOnlyForDeploymentPostprocessing = 0;
		};
		258A588AA897D4223B3F24AC /* Sources */ = {
			isa = PBXSourcesBuildPhase;
			buildActionMask = 2147483647;
			files = (
				DD21F942C165F6D6F702DA16 /* CompletionSuggestionTests.swift in Sources */,
				DF66AC38A76AF60A54BB1C79 /* DictationTranscriptTests.swift in Sources */,
				11A4FD16B710D6F9C7702B5B /* MemoryStoreTests.swift in Sources */,
				CD41599630FC63D4CDD89F44 /* OpenAITranscriptionTests.swift in Sources */,
				69F62166610236DFADE61CB7 /* PromptComposerTests.swift in Sources */,
				89A5F2F9A291EF524A36DF35 /* RecipeChainTests.swift in Sources */,
				7CC09ECF4A78D00895CFBEF0 /* ScreenContextKeywordsTests.swift in Sources */,
				207B3667A9A2682E137003FA /* StyleProfileStoreTests.swift in Sources */,
				7CA2B3C4D5E6F708192A3B4C /* HotkeyDebouncerTests.swift in Sources */,
				7DA2B3C4D5E6F708192A3B4C /* HotkeyStatusTests.swift in Sources */,
				76A2B3C4D5E6F708192A3B4C /* WordDifferTests.swift in Sources */,
			);
			runOnlyForDeploymentPostprocessing = 0;
		};
/* End PBXSourcesBuildPhase section */

/* Begin PBXTargetDependency section */
		02CCF03B8E5050C0CB0351B8 /* PBXTargetDependency */ = {
			isa = PBXTargetDependency;
			target = E6858FFADD8DCE067C1157C5 /* Rewrite */;
			targetProxy = 547A17482869228ED920C789 /* PBXContainerItemProxy */;
		};
/* End PBXTargetDependency section */

/* Begin XCBuildConfiguration section */
		36668D80C11F58F7681A3670 /* Debug */ = {
			isa = XCBuildConfiguration;
			buildSettings = {
				ALWAYS_SEARCH_USER_PATHS = NO;
				CLANG_ANALYZER_NONNULL = YES;
				CLANG_ANALYZER_NUMBER_OBJECT_CONVERSION = YES_AGGRESSIVE;
				CLANG_CXX_LANGUAGE_STANDARD = "gnu++14";
				CLANG_CXX_LIBRARY = "libc++";
				CLANG_ENABLE_MODULES = YES;
				CLANG_ENABLE_OBJC_ARC = YES;
				CLANG_ENABLE_OBJC_WEAK = YES;
				CLANG_WARN_BLOCK_CAPTURE_AUTORELEASING = YES;
				CLANG_WARN_BOOL_CONVERSION = YES;
				CLANG_WARN_COMMA = YES;
				CLANG_WARN_CONSTANT_CONVERSION = YES;
				CLANG_WARN_DEPRECATED_OBJC_IMPLEMENTATIONS = YES;
				CLANG_WARN_DIRECT_OBJC_ISA_USAGE = YES_ERROR;
				CLANG_WARN_DOCUMENTATION_COMMENTS = YES;
				CLANG_WARN_EMPTY_BODY = YES;
				CLANG_WARN_ENUM_CONVERSION = YES;
				CLANG_WARN_INFINITE_RECURSION = YES;
				CLANG_WARN_INT_CONVERSION = YES;
				CLANG_WARN_NON_LITERAL_NULL_CONVERSION = YES;
				CLANG_WARN_OBJC_IMPLICIT_RETAIN_SELF = YES;
				CLANG_WARN_OBJC_LITERAL_CONVERSION = YES;
				CLANG_WARN_OBJC_ROOT_CLASS = YES_ERROR;
				CLANG_WARN_QUOTED_INCLUDE_IN_FRAMEWORK_HEADER = YES;
				CLANG_WARN_RANGE_LOOP_ANALYSIS = YES;
				CLANG_WARN_STRICT_PROTOTYPES = YES;
				CLANG_WARN_SUSPICIOUS_MOVE = YES;
				CLANG_WARN_UNGUARDED_AVAILABILITY = YES_AGGRESSIVE;
				CLANG_WARN_UNREACHABLE_CODE = YES;
				CLANG_WARN__DUPLICATE_METHOD_MATCH = YES;
				CODE_SIGN_IDENTITY = "Local Self-Signed";
				CODE_SIGN_STYLE = Manual;
				COPY_PHASE_STRIP = NO;
				DEBUG_INFORMATION_FORMAT = dwarf;
				ENABLE_HARDENED_RUNTIME = NO;
				ENABLE_STRICT_OBJC_MSGSEND = YES;
				ENABLE_TESTABILITY = YES;
				GCC_C_LANGUAGE_STANDARD = gnu11;
				GCC_DYNAMIC_NO_PIC = NO;
				GCC_NO_COMMON_BLOCKS = YES;
				GCC_OPTIMIZATION_LEVEL = 0;
				GCC_PREPROCESSOR_DEFINITIONS = (
					"$(inherited)",
					"DEBUG=1",
				);
				GCC_WARN_64_TO_32_BIT_CONVERSION = YES;
				GCC_WARN_ABOUT_RETURN_TYPE = YES_ERROR;
				GCC_WARN_UNDECLARED_SELECTOR = YES;
				GCC_WARN_UNINITIALIZED_AUTOS = YES_AGGRESSIVE;
				GCC_WARN_UNUSED_FUNCTION = YES;
				GCC_WARN_UNUSED_VARIABLE = YES;
				MACOSX_DEPLOYMENT_TARGET = 26.0;
				MTL_ENABLE_DEBUG_INFO = INCLUDE_SOURCE;
				MTL_FAST_MATH = YES;
				ONLY_ACTIVE_ARCH = YES;
				PRODUCT_NAME = "$(TARGET_NAME)";
				PROVISIONING_PROFILE_SPECIFIER = "";
				SDKROOT = macosx;
				SWIFT_ACTIVE_COMPILATION_CONDITIONS = DEBUG;
				SWIFT_OPTIMIZATION_LEVEL = "-Onone";
				SWIFT_VERSION = 6.0;
			};
			name = Debug;
		};
		383CB95A389281C0BEB7BF41 /* Debug */ = {
			isa = XCBuildConfiguration;
			buildSettings = {
				BUNDLE_LOADER = "$(TEST_HOST)";
				COMBINE_HIDPI_IMAGES = YES;
				GENERATE_INFOPLIST_FILE = YES;
				LD_RUNPATH_SEARCH_PATHS = (
					"$(inherited)",
					"@executable_path/../Frameworks",
					"@loader_path/../Frameworks",
				);
				PRODUCT_BUNDLE_IDENTIFIER = com.scottlatz.RewriteTests;
				SDKROOT = macosx;
				TEST_HOST = "$(BUILT_PRODUCTS_DIR)/Rewrite.app/Contents/MacOS/Rewrite";
			};
			name = Debug;
		};
		6A542F5AFCB35D726F92A20E /* Debug */ = {
			isa = XCBuildConfiguration;
			buildSettings = {
				ASSETCATALOG_COMPILER_APPICON_NAME = AppIcon;
				ASSETCATALOG_COMPILER_GLOBAL_ACCENT_COLOR_NAME = AccentColor;
				CODE_SIGN_ENTITLEMENTS = Rewrite/Rewrite.entitlements;
				COMBINE_HIDPI_IMAGES = YES;
				CURRENT_PROJECT_VERSION = 1;
				ENABLE_DEBUG_DYLIB = NO;
				GENERATE_INFOPLIST_FILE = NO;
				INFOPLIST_FILE = Rewrite/Info.plist;
				LD_RUNPATH_SEARCH_PATHS = (
					"$(inherited)",
					"@executable_path/../Frameworks",
				);
				MARKETING_VERSION = 0.1.0;
				PRODUCT_BUNDLE_IDENTIFIER = com.scottlatz.Rewrite;
				PRODUCT_MODULE_NAME = Rewrite;
				PRODUCT_NAME = Rewrite;
				SDKROOT = macosx;
				SWIFT_OBJC_BRIDGING_HEADER = "Rewrite/Autocomplete/AccessibilityPrompt-Bridging-Header.h";
				SWIFT_STRICT_CONCURRENCY = complete;
			};
			name = Debug;
		};
		A25768689A766715AFC8D5D5 /* Release */ = {
			isa = XCBuildConfiguration;
			buildSettings = {
				ASSETCATALOG_COMPILER_APPICON_NAME = AppIcon;
				ASSETCATALOG_COMPILER_GLOBAL_ACCENT_COLOR_NAME = AccentColor;
				CODE_SIGN_ENTITLEMENTS = Rewrite/Rewrite.entitlements;
				COMBINE_HIDPI_IMAGES = YES;
				CURRENT_PROJECT_VERSION = 1;
				GENERATE_INFOPLIST_FILE = NO;
				INFOPLIST_FILE = Rewrite/Info.plist;
				LD_RUNPATH_SEARCH_PATHS = (
					"$(inherited)",
					"@executable_path/../Frameworks",
				);
				MARKETING_VERSION = 0.1.0;
				PRODUCT_BUNDLE_IDENTIFIER = com.scottlatz.Rewrite;
				PRODUCT_MODULE_NAME = Rewrite;
				PRODUCT_NAME = Rewrite;
				SDKROOT = macosx;
				SWIFT_OBJC_BRIDGING_HEADER = "Rewrite/Autocomplete/AccessibilityPrompt-Bridging-Header.h";
				SWIFT_STRICT_CONCURRENCY = complete;
			};
			name = Release;
		};
		D3A2F8942E9CF3B3161602EB /* Release */ = {
			isa = XCBuildConfiguration;
			buildSettings = {
				BUNDLE_LOADER = "$(TEST_HOST)";
				COMBINE_HIDPI_IMAGES = YES;
				GENERATE_INFOPLIST_FILE = YES;
				LD_RUNPATH_SEARCH_PATHS = (
					"$(inherited)",
					"@executable_path/../Frameworks",
					"@loader_path/../Frameworks",
				);
				PRODUCT_BUNDLE_IDENTIFIER = com.scottlatz.RewriteTests;
				SDKROOT = macosx;
				TEST_HOST = "$(BUILT_PRODUCTS_DIR)/Rewrite.app/Contents/MacOS/Rewrite";
			};
			name = Release;
		};
		E40E71CDD438120483FC9380 /* Release */ = {
			isa = XCBuildConfiguration;
			buildSettings = {
				ALWAYS_SEARCH_USER_PATHS = NO;
				CLANG_ANALYZER_NONNULL = YES;
				CLANG_ANALYZER_NUMBER_OBJECT_CONVERSION = YES_AGGRESSIVE;
				CLANG_CXX_LANGUAGE_STANDARD = "gnu++14";
				CLANG_CXX_LIBRARY = "libc++";
				CLANG_ENABLE_MODULES = YES;
				CLANG_ENABLE_OBJC_ARC = YES;
				CLANG_ENABLE_OBJC_WEAK = YES;
				CLANG_WARN_BLOCK_CAPTURE_AUTORELEASING = YES;
				CLANG_WARN_BOOL_CONVERSION = YES;
				CLANG_WARN_COMMA = YES;
				CLANG_WARN_CONSTANT_CONVERSION = YES;
				CLANG_WARN_DEPRECATED_OBJC_IMPLEMENTATIONS = YES;
				CLANG_WARN_DIRECT_OBJC_ISA_USAGE = YES_ERROR;
				CLANG_WARN_DOCUMENTATION_COMMENTS = YES;
				CLANG_WARN_EMPTY_BODY = YES;
				CLANG_WARN_ENUM_CONVERSION = YES;
				CLANG_WARN_INFINITE_RECURSION = YES;
				CLANG_WARN_INT_CONVERSION = YES;
				CLANG_WARN_NON_LITERAL_NULL_CONVERSION = YES;
				CLANG_WARN_OBJC_IMPLICIT_RETAIN_SELF = YES;
				CLANG_WARN_OBJC_LITERAL_CONVERSION = YES;
				CLANG_WARN_OBJC_ROOT_CLASS = YES_ERROR;
				CLANG_WARN_QUOTED_INCLUDE_IN_FRAMEWORK_HEADER = YES;
				CLANG_WARN_RANGE_LOOP_ANALYSIS = YES;
				CLANG_WARN_STRICT_PROTOTYPES = YES;
				CLANG_WARN_SUSPICIOUS_MOVE = YES;
				CLANG_WARN_UNGUARDED_AVAILABILITY = YES_AGGRESSIVE;
				CLANG_WARN_UNREACHABLE_CODE = YES;
				CLANG_WARN__DUPLICATE_METHOD_MATCH = YES;
				CODE_SIGN_IDENTITY = "Local Self-Signed";
				CODE_SIGN_STYLE = Manual;
				COPY_PHASE_STRIP = NO;
				DEBUG_INFORMATION_FORMAT = "dwarf-with-dsym";
				ENABLE_HARDENED_RUNTIME = NO;
				ENABLE_NS_ASSERTIONS = NO;
				ENABLE_STRICT_OBJC_MSGSEND = YES;
				GCC_C_LANGUAGE_STANDARD = gnu11;
				GCC_NO_COMMON_BLOCKS = YES;
				GCC_WARN_64_TO_32_BIT_CONVERSION = YES;
				GCC_WARN_ABOUT_RETURN_TYPE = YES_ERROR;
				GCC_WARN_UNDECLARED_SELECTOR = YES;
				GCC_WARN_UNINITIALIZED_AUTOS = YES_AGGRESSIVE;
				GCC_WARN_UNUSED_FUNCTION = YES;
				GCC_WARN_UNUSED_VARIABLE = YES;
				MACOSX_DEPLOYMENT_TARGET = 26.0;
				MTL_ENABLE_DEBUG_INFO = NO;
				MTL_FAST_MATH = YES;
				PRODUCT_NAME = "$(TARGET_NAME)";
				PROVISIONING_PROFILE_SPECIFIER = "";
				SDKROOT = macosx;
				SWIFT_COMPILATION_MODE = wholemodule;
				SWIFT_OPTIMIZATION_LEVEL = "-O";
				SWIFT_VERSION = 6.0;
			};
			name = Release;
		};
/* End XCBuildConfiguration section */

/* Begin XCConfigurationList section */
		3655CD61B3F58FCC95A32F69 /* Build configuration list for PBXNativeTarget "Rewrite" */ = {
			isa = XCConfigurationList;
			buildConfigurations = (
				6A542F5AFCB35D726F92A20E /* Debug */,
				A25768689A766715AFC8D5D5 /* Release */,
			);
			defaultConfigurationIsVisible = 0;
			defaultConfigurationName = Debug;
		};
		44E6D1EC4DC955B23DE1AEC0 /* Build configuration list for PBXNativeTarget "RewriteTests" */ = {
			isa = XCConfigurationList;
			buildConfigurations = (
				383CB95A389281C0BEB7BF41 /* Debug */,
				D3A2F8942E9CF3B3161602EB /* Release */,
			);
			defaultConfigurationIsVisible = 0;
			defaultConfigurationName = Debug;
		};
		E05D471EAB8F6400F14DDC88 /* Build configuration list for PBXProject "Rewrite" */ = {
			isa = XCConfigurationList;
			buildConfigurations = (
				36668D80C11F58F7681A3670 /* Debug */,
				E40E71CDD438120483FC9380 /* Release */,
			);
			defaultConfigurationIsVisible = 0;
			defaultConfigurationName = Debug;
		};
/* End XCConfigurationList section */
	};
	rootObject = 4D4D158E4258EF4ABCC5306E /* Project object */;
}
